
Microsoft Visual Studio Solution File, Format Version 9.00
# Visual Studio 2005
Project("{8BC9CEB8-8B4A-11D0-8D11-00A0C91BC942}") = "COLLADAStreamWriter", "scripts\COLLADAStreamWriter.vcproj", "{EAB66F01-60B5-43C9-B78D-A8B0B545A20B}"
EndProject
Global
	GlobalSection(SolutionConfigurationPlatforms) = preSolution
		Debug|Win32 = Debug|Win32
		Release|Win32 = Release|Win32
	EndGlobalSection
	GlobalSection(ProjectConfigurationPlatforms) = postSolution
		{EAB66F01-60B5-43C9-B78D-A8B0B545A20B}.Debug|Win32.ActiveCfg = Debug|Win32
		{EAB66F01-60B5-43C9-B78D-A8B0B545A20B}.Debug|Win32.Build.0 = Debug|Win32
		{EAB66F01-60B5-43C9-B78D-A8B0B545A20B}.Release|Win32.ActiveCfg = Release|Win32
		{EAB66F01-60B5-43C9-B78D-A8B0B545A20B}.Release|Win32.Build.0 = Release|Win32
	EndGlobalSection
	GlobalSection(SolutionProperties) = preSolution
		HideSolutionNode = FALSE
	EndGlobalSection
EndGlobal
