
Microsoft Visual Studio Solution File, Format Version 9.00
# Visual Studio 2005
Project("{8BC9CEB8-8B4A-11D0-8D11-00A0C91BC942}") = "COLLADAMax", "COLLADAMax\scripts\COLLADAMax.vcproj", "{8840B0EA-A0B3-45D6-855D-8382B247CE8B}"
	ProjectSection(ProjectDependencies) = postProject
		{EAB66F01-60B5-43C9-B78D-A8B0B545A20B} = {EAB66F01-60B5-43C9-B78D-A8B0B545A20B}
	EndProjectSection
EndProject
Project("{8BC9CEB8-8B4A-11D0-8D11-00A0C91BC942}") = "COLLADAStreamWriter", "COLLADAStreamWriter\scripts\COLLADAStreamWriter.vcproj", "{EAB66F01-60B5-43C9-B78D-A8B0B545A20B}"
EndProject
Project("{8BC9CEB8-8B4A-11D0-8D11-00A0C91BC942}") = "COLLADAMaya", "COLLADAMaya\scripts\COLLADAMaya.vcproj", "{60331F1F-2334-42AF-80A8-A4A6E3299186}"
	ProjectSection(ProjectDependencies) = postProject
		{EAB66F01-60B5-43C9-B78D-A8B0B545A20B} = {EAB66F01-60B5-43C9-B78D-A8B0B545A20B}
	EndProjectSection
EndProject
Global
	GlobalSection(SolutionConfigurationPlatforms) = preSolution
		Debug Max2008|Win32 = Debug Max2008|Win32
		Debug Max2009|Win32 = Debug Max2009|Win32
		Debug Max9|Win32 = Debug Max9|Win32
		Release Max2008|Win32 = Release Max2008|Win32
		Release Max2009|Win32 = Release Max2009|Win32
		Release Max9|Win32 = Release Max9|Win32
	EndGlobalSection
	GlobalSection(ProjectConfigurationPlatforms) = postSolution
		{8840B0EA-A0B3-45D6-855D-8382B247CE8B}.Debug Max2008|Win32.ActiveCfg = Debug Max2008|Win32
		{8840B0EA-A0B3-45D6-855D-8382B247CE8B}.Debug Max2008|Win32.Build.0 = Debug Max2008|Win32
		{8840B0EA-A0B3-45D6-855D-8382B247CE8B}.Debug Max2009|Win32.ActiveCfg = Debug Max2009|Win32
		{8840B0EA-A0B3-45D6-855D-8382B247CE8B}.Debug Max2009|Win32.Build.0 = Debug Max2009|Win32
		{8840B0EA-A0B3-45D6-855D-8382B247CE8B}.Debug Max9|Win32.ActiveCfg = Debug Max9|Win32
		{8840B0EA-A0B3-45D6-855D-8382B247CE8B}.Debug Max9|Win32.Build.0 = Debug Max9|Win32
		{8840B0EA-A0B3-45D6-855D-8382B247CE8B}.Release Max2008|Win32.ActiveCfg = Release Max2008|Win32
		{8840B0EA-A0B3-45D6-855D-8382B247CE8B}.Release Max2008|Win32.Build.0 = Release Max2008|Win32
		{8840B0EA-A0B3-45D6-855D-8382B247CE8B}.Release Max2009|Win32.ActiveCfg = Release Max2009|Win32
		{8840B0EA-A0B3-45D6-855D-8382B247CE8B}.Release Max2009|Win32.Build.0 = Release Max2009|Win32
		{8840B0EA-A0B3-45D6-855D-8382B247CE8B}.Release Max9|Win32.ActiveCfg = Release Max9|Win32
		{8840B0EA-A0B3-45D6-855D-8382B247CE8B}.Release Max9|Win32.Build.0 = Release Max9|Win32
		{EAB66F01-60B5-43C9-B78D-A8B0B545A20B}.Debug Max2008|Win32.ActiveCfg = Debug|Win32
		{EAB66F01-60B5-43C9-B78D-A8B0B545A20B}.Debug Max2008|Win32.Build.0 = Debug|Win32
		{EAB66F01-60B5-43C9-B78D-A8B0B545A20B}.Debug Max2009|Win32.ActiveCfg = Debug|Win32
		{EAB66F01-60B5-43C9-B78D-A8B0B545A20B}.Debug Max2009|Win32.Build.0 = Debug|Win32
		{EAB66F01-60B5-43C9-B78D-A8B0B545A20B}.Debug Max9|Win32.ActiveCfg = Debug|Win32
		{EAB66F01-60B5-43C9-B78D-A8B0B545A20B}.Debug Max9|Win32.Build.0 = Debug|Win32
		{EAB66F01-60B5-43C9-B78D-A8B0B545A20B}.Release Max2008|Win32.ActiveCfg = Release|Win32
		{EAB66F01-60B5-43C9-B78D-A8B0B545A20B}.Release Max2008|Win32.Build.0 = Release|Win32
		{EAB66F01-60B5-43C9-B78D-A8B0B545A20B}.Release Max2009|Win32.ActiveCfg = Release|Win32
		{EAB66F01-60B5-43C9-B78D-A8B0B545A20B}.Release Max2009|Win32.Build.0 = Release|Win32
		{EAB66F01-60B5-43C9-B78D-A8B0B545A20B}.Release Max9|Win32.ActiveCfg = Release|Win32
		{EAB66F01-60B5-43C9-B78D-A8B0B545A20B}.Release Max9|Win32.Build.0 = Release|Win32
		{60331F1F-2334-42AF-80A8-A4A6E3299186}.Debug Max2008|Win32.ActiveCfg = Debug Maya2008|Win32
		{60331F1F-2334-42AF-80A8-A4A6E3299186}.Debug Max2008|Win32.Build.0 = Debug Maya2008|Win32
		{60331F1F-2334-42AF-80A8-A4A6E3299186}.Debug Max2009|Win32.ActiveCfg = Debug Maya2008|Win32
		{60331F1F-2334-42AF-80A8-A4A6E3299186}.Debug Max2009|Win32.Build.0 = Debug Maya2008|Win32
		{60331F1F-2334-42AF-80A8-A4A6E3299186}.Debug Max9|Win32.ActiveCfg = Debug Maya2008|Win32
		{60331F1F-2334-42AF-80A8-A4A6E3299186}.Debug Max9|Win32.Build.0 = Debug Maya2008|Win32
		{60331F1F-2334-42AF-80A8-A4A6E3299186}.Release Max2008|Win32.ActiveCfg = Release Maya2008|Win32
		{60331F1F-2334-42AF-80A8-A4A6E3299186}.Release Max2008|Win32.Build.0 = Release Maya2008|Win32
		{60331F1F-2334-42AF-80A8-A4A6E3299186}.Release Max2009|Win32.ActiveCfg = Release Maya2008|Win32
		{60331F1F-2334-42AF-80A8-A4A6E3299186}.Release Max2009|Win32.Build.0 = Release Maya2008|Win32
		{60331F1F-2334-42AF-80A8-A4A6E3299186}.Release Max9|Win32.ActiveCfg = Release Maya2008|Win32
		{60331F1F-2334-42AF-80A8-A4A6E3299186}.Release Max9|Win32.Build.0 = Release Maya2008|Win32
	EndGlobalSection
	GlobalSection(SolutionProperties) = preSolution
		HideSolutionNode = FALSE
	EndGlobalSection
EndGlobal
