<?xml version="1.0" encoding="utf-8"?>
<Project ToolsVersion="4.0" xmlns="http://schemas.microsoft.com/developer/msbuild/2003">
  <ItemGroup>
    <Filter Include="Source Files">
      <UniqueIdentifier>{be952a1d-c881-4dd6-9b45-2cfc104c5299}</UniqueIdentifier>
      <Extensions>cpp</Extensions>
    </Filter>
    <Filter Include="Source Files\Utils">
      <UniqueIdentifier>{91ce7885-7327-4b1a-afbd-970de8dd39ba}</UniqueIdentifier>
    </Filter>
    <Filter Include="Source Files\Utils\Animation">
      <UniqueIdentifier>{23339c3f-2941-414e-8c4a-1b99fedef46b}</UniqueIdentifier>
    </Filter>
    <Filter Include="Source Files\Utils\Geometry">
      <UniqueIdentifier>{6e86b0a9-366f-4101-b814-048ce037bd00}</UniqueIdentifier>
    </Filter>
    <Filter Include="Source Files\Helpers">
      <UniqueIdentifier>{71ed4824-e089-48d9-bce5-5e01fa7db6a4}</UniqueIdentifier>
    </Filter>
    <Filter Include="Source Files\Exporters">
      <UniqueIdentifier>{4db7a453-4e9e-4e26-a50f-32955c6f45a2}</UniqueIdentifier>
    </Filter>
    <Filter Include="Source Files\SceneGraph">
      <UniqueIdentifier>{9ed4a0a4-01b4-47e4-80d6-55478794c841}</UniqueIdentifier>
    </Filter>
    <Filter Include="Source Files\Plugin">
      <UniqueIdentifier>{6492e42e-7410-4db1-87bd-c5f13a541526}</UniqueIdentifier>
    </Filter>
    <Filter Include="Source Files\Console">
      <UniqueIdentifier>{aef68142-6e82-4390-8454-3081ce309927}</UniqueIdentifier>
    </Filter>
    <Filter Include="Header Files">
      <UniqueIdentifier>{65d82d99-3f32-4945-9ce4-e41ce20b9e11}</UniqueIdentifier>
      <Extensions>h</Extensions>
    </Filter>
    <Filter Include="Header Files\Utils">
      <UniqueIdentifier>{dead7e61-cf5c-4bb9-92ce-fc0fd8c584b4}</UniqueIdentifier>
    </Filter>
    <Filter Include="Header Files\Utils\Animation">
      <UniqueIdentifier>{aa8084af-79e8-4333-8dec-55385c6b406a}</UniqueIdentifier>
    </Filter>
    <Filter Include="Header Files\Utils\Controller">
      <UniqueIdentifier>{9761b49f-b0aa-449a-9f0e-28e88ab3f505}</UniqueIdentifier>
    </Filter>
    <Filter Include="Header Files\Utils\Geometry">
      <UniqueIdentifier>{758eab63-af85-437a-82c7-bdf9ccef93f2}</UniqueIdentifier>
    </Filter>
    <Filter Include="Header Files\Helpers">
      <UniqueIdentifier>{41d4d4f4-49e2-4287-b119-05868f0c2b58}</UniqueIdentifier>
    </Filter>
    <Filter Include="Header Files\Exporters">
      <UniqueIdentifier>{6edc8064-1d0f-47ad-82d6-29d58d599a12}</UniqueIdentifier>
    </Filter>
    <Filter Include="Header Files\SceneGraph">
      <UniqueIdentifier>{6e362859-dc71-461c-adcd-38ccdc3a9b25}</UniqueIdentifier>
    </Filter>
    <Filter Include="Header Files\Plugin">
      <UniqueIdentifier>{736db473-3643-436c-a1b7-2139bead18fd}</UniqueIdentifier>
    </Filter>
  </ItemGroup>
  <ItemGroup>
    <ClCompile Include="..\src\COLLADAMayaCgfxShaderIncludes.cpp">
      <Filter>Source Files\Utils</Filter>
    </ClCompile>
    <ClCompile Include="..\src\COLLADAMayaPrecompiledHeaders.cpp">
      <Filter>Source Files\Utils</Filter>
    </ClCompile>
    <ClCompile Include="..\src\COLLADAMayaReferenceManager.cpp">
      <Filter>Source Files\Utils</Filter>
    </ClCompile>
    <ClCompile Include="..\src\COLLADAMayaAnimationCurves.cpp">
      <Filter>Source Files\Utils\Animation</Filter>
    </ClCompile>
    <ClCompile Include="..\src\COLLADAMayaAnimationElement.cpp">
      <Filter>Source Files\Utils\Animation</Filter>
    </ClCompile>
    <ClCompile Include="..\src\COLLADAMayaAnimationKeys.cpp">
      <Filter>Source Files\Utils\Animation</Filter>
    </ClCompile>
    <ClCompile Include="..\src\COLLADAMayaAnimationSampleCache.cpp">
      <Filter>Source Files\Utils\Animation</Filter>
    </ClCompile>
    <ClCompile Include="..\src\COLLADAMayaAnimationTools.cpp">
      <Filter>Source Files\Utils\Animation</Filter>
    </ClCompile>
    <ClCompile Include="..\src\COLLADAMayaSourceInput.cpp">
      <Filter>Source Files\Utils\Geometry</Filter>
    </ClCompile>
    <ClCompile Include="..\src\COLLADAMayaAnimationHelper.cpp">
      <Filter>Source Files\Helpers</Filter>
    </ClCompile>
    <ClCompile Include="..\src\COLLADAMayaDagHelper.cpp">
      <Filter>Source Files\Helpers</Filter>
    </ClCompile>
    <ClCompile Include="..\src\COLLADAMayaRotateHelper.cpp">
      <Filter>Source Files\Helpers</Filter>
    </ClCompile>
    <ClCompile Include="..\src\COLLADAMayaSetHelper.cpp">
      <Filter>Source Files\Helpers</Filter>
    </ClCompile>
    <ClCompile Include="..\src\COLLADAMayaShaderHelper.cpp">
      <Filter>Source Files\Helpers</Filter>
    </ClCompile>
    <ClCompile Include="..\src\COLLADAMayaAnimationClipExporter.cpp">
      <Filter>Source Files\Exporters</Filter>
    </ClCompile>
    <ClCompile Include="..\src\COLLADAMayaAnimationExporter.cpp">
      <Filter>Source Files\Exporters</Filter>
    </ClCompile>
    <ClCompile Include="..\src\COLLADAMayaCameraExporter.cpp">
      <Filter>Source Files\Exporters</Filter>
    </ClCompile>
    <ClCompile Include="..\src\COLLADAMayaControllerExporter.cpp">
      <Filter>Source Files\Exporters</Filter>
    </ClCompile>
    <ClCompile Include="..\src\COLLADAMayaDocumentExporter.cpp">
      <Filter>Source Files\Exporters</Filter>
    </ClCompile>
    <ClCompile Include="..\src\COLLADAMayaEffectExporter.cpp">
      <Filter>Source Files\Exporters</Filter>
    </ClCompile>
    <ClCompile Include="..\src\COLLADAMayaEffectTextureExporter.cpp">
      <Filter>Source Files\Exporters</Filter>
    </ClCompile>
    <ClCompile Include="..\src\COLLADAMayaGeometryExporter.cpp">
      <Filter>Source Files\Exporters</Filter>
    </ClCompile>
    <ClCompile Include="..\src\COLLADAMayaGeometryPolygonExporter.cpp">
      <Filter>Source Files\Exporters</Filter>
    </ClCompile>
    <ClCompile Include="..\src\COLLADAMayaHwShaderExporter.cpp">
      <Filter>Source Files\Exporters</Filter>
    </ClCompile>
    <ClCompile Include="..\src\COLLADAMayaImageExporter.cpp">
      <Filter>Source Files\Exporters</Filter>
    </ClCompile>
    <ClCompile Include="..\src\COLLADAMayaLightExporter.cpp">
      <Filter>Source Files\Exporters</Filter>
    </ClCompile>
    <ClCompile Include="..\src\COLLADAMayaMaterialExporter.cpp">
      <Filter>Source Files\Exporters</Filter>
    </ClCompile>
    <ClCompile Include="..\src\COLLADAMayaVisualSceneExporter.cpp">
      <Filter>Source Files\Exporters</Filter>
    </ClCompile>
    <ClCompile Include="..\src\COLLADAMayaSceneElement.cpp">
      <Filter>Source Files\SceneGraph</Filter>
    </ClCompile>
    <ClCompile Include="..\src\COLLADAMayaSceneGraph.cpp">
      <Filter>Source Files\SceneGraph</Filter>
    </ClCompile>
    <ClCompile Include="..\src\COLLADAMayaExportOptions.cpp">
      <Filter>Source Files\Plugin</Filter>
    </ClCompile>
    <ClCompile Include="..\src\COLLADAMayaFileTranslator.cpp">
      <Filter>Source Files\Plugin</Filter>
    </ClCompile>
    <ClCompile Include="..\src\COLLADAMayaImportOptions.cpp">
      <Filter>Source Files\Plugin</Filter>
    </ClCompile>
    <ClCompile Include="..\src\COLLADAMayaConsoleMain.cpp">
      <Filter>Source Files\Console</Filter>
    </ClCompile>
    <ClCompile Include="..\src\COLLADAMayaShaderFXShaderExporter.cpp">
      <Filter>Source Files\Exporters</Filter>
    </ClCompile>
    <ClCompile Include="..\src\COLLADAMayaAttributeParser.cpp">
      <Filter>Source Files\Helpers</Filter>
    </ClCompile>
    <ClCompile Include="..\src\COLLADAMayaPhysicsExporter.cpp">
      <Filter>Source Files\Exporters</Filter>
    </ClCompile>
    <ClCompile Include="..\src\COLLADAMayaLightProbeExporter.cpp">
      <Filter>Source Files\Exporters</Filter>
    </ClCompile>
    <ClCompile Include="..\src\COLLADAMayaPhysicsSceneExporter.cpp">
      <Filter>Source Files\Exporters</Filter>
    </ClCompile>
    <ClCompile Include="..\src\COLLADAMayaPhysXExporter.cpp">
      <Filter>Source Files\Exporters</Filter>
    </ClCompile>
    <ClCompile Include="..\src\COLLADAMayaPhysXXML.cpp">
      <Filter>Source Files\Exporters</Filter>
    </ClCompile>
    <ClCompile Include="..\src\COLLADAMayaLODExporter.cpp">
      <Filter>Source Files\Exporters</Filter>
    </ClCompile>
  </ItemGroup>
  <ItemGroup>
    <ClInclude Include="..\include\COLLADAMayaConversion.h">
      <Filter>Header Files\Utils</Filter>
    </ClInclude>
    <ClInclude Include="..\include\COLLADAMayaPlatform.h">
      <Filter>Header Files\Utils</Filter>
    </ClInclude>
    <ClInclude Include="..\include\COLLADAMayaPrerequisites.h">
      <Filter>Header Files\Utils</Filter>
    </ClInclude>
    <ClInclude Include="..\include\COLLADAMayaReferenceManager.h">
      <Filter>Header Files\Utils</Filter>
    </ClInclude>
    <ClInclude Include="..\include\COLLADAMayaStableHeaders.h">
      <Filter>Header Files\Utils</Filter>
    </ClInclude>
    <ClInclude Include="..\include\COLLADAMayaSyntax.h">
      <Filter>Header Files\Utils</Filter>
    </ClInclude>
    <ClInclude Include="..\include\COLLADAMayaAnimationCurves.h">
      <Filter>Header Files\Utils\Animation</Filter>
    </ClInclude>
    <ClInclude Include="..\include\COLLADAMayaAnimationElement.h">
      <Filter>Header Files\Utils\Animation</Filter>
    </ClInclude>
    <ClInclude Include="..\include\COLLADAMayaAnimationKeys.h">
      <Filter>Header Files\Utils\Animation</Filter>
    </ClInclude>
    <ClInclude Include="..\include\COLLADAMayaAnimationSampleCache.h">
      <Filter>Header Files\Utils\Animation</Filter>
    </ClInclude>
    <ClInclude Include="..\include\COLLADAMayaAnimationTools.h">
      <Filter>Header Files\Utils\Animation</Filter>
    </ClInclude>
    <ClInclude Include="..\include\COLLADAMayaTangentPoint.h">
      <Filter>Header Files\Utils\Animation</Filter>
    </ClInclude>
    <ClInclude Include="..\include\COLLADAMayaBaseController.h">
      <Filter>Header Files\Utils\Controller</Filter>
    </ClInclude>
    <ClInclude Include="..\include\COLLADAMayaMorphController.h">
      <Filter>Header Files\Utils\Controller</Filter>
    </ClInclude>
    <ClInclude Include="..\include\COLLADAMayaSkinController.h">
      <Filter>Header Files\Utils\Controller</Filter>
    </ClInclude>
    <ClInclude Include="..\include\COLLADAMayaPolygonSource.h">
      <Filter>Header Files\Utils\Geometry</Filter>
    </ClInclude>
    <ClInclude Include="..\include\COLLADAMayaSourceInput.h">
      <Filter>Header Files\Utils\Geometry</Filter>
    </ClInclude>
    <ClInclude Include="..\include\COLLADAMayaAnimationHelper.h">
      <Filter>Header Files\Helpers</Filter>
    </ClInclude>
    <ClInclude Include="..\include\COLLADAMayaDagHelper.h">
      <Filter>Header Files\Helpers</Filter>
    </ClInclude>
    <ClInclude Include="..\include\COLLADAMayaRotateHelper.h">
      <Filter>Header Files\Helpers</Filter>
    </ClInclude>
    <ClInclude Include="..\include\COLLADAMayaSetHelper.h">
      <Filter>Header Files\Helpers</Filter>
    </ClInclude>
    <ClInclude Include="..\include\COLLADAMayaShaderHelper.h">
      <Filter>Header Files\Helpers</Filter>
    </ClInclude>
    <ClInclude Include="..\include\COLLADAMayaAnimationClipExporter.h">
      <Filter>Header Files\Exporters</Filter>
    </ClInclude>
    <ClInclude Include="..\include\COLLADAMayaAnimationExporter.h">
      <Filter>Header Files\Exporters</Filter>
    </ClInclude>
    <ClInclude Include="..\include\COLLADAMayaCameraExporter.h">
      <Filter>Header Files\Exporters</Filter>
    </ClInclude>
    <ClInclude Include="..\include\COLLADAMayaControllerExporter.h">
      <Filter>Header Files\Exporters</Filter>
    </ClInclude>
    <ClInclude Include="..\include\COLLADAMayaDocumentExporter.h">
      <Filter>Header Files\Exporters</Filter>
    </ClInclude>
    <ClInclude Include="..\include\COLLADAMayaEffectExporter.h">
      <Filter>Header Files\Exporters</Filter>
    </ClInclude>
    <ClInclude Include="..\include\COLLADAMayaEffectTextureExporter.h">
      <Filter>Header Files\Exporters</Filter>
    </ClInclude>
    <ClInclude Include="..\include\COLLADAMayaGeometryExporter.h">
      <Filter>Header Files\Exporters</Filter>
    </ClInclude>
    <ClInclude Include="..\include\COLLADAMayaGeometryPolygonExporter.h">
      <Filter>Header Files\Exporters</Filter>
    </ClInclude>
    <ClInclude Include="..\include\COLLADAMayaHwShaderExporter.h">
      <Filter>Header Files\Exporters</Filter>
    </ClInclude>
    <ClInclude Include="..\include\COLLADAMayaImageExporter.h">
      <Filter>Header Files\Exporters</Filter>
    </ClInclude>
    <ClInclude Include="..\include\COLLADAMayaLightExporter.h">
      <Filter>Header Files\Exporters</Filter>
    </ClInclude>
    <ClInclude Include="..\include\COLLADAMayaMaterialExporter.h">
      <Filter>Header Files\Exporters</Filter>
    </ClInclude>
    <ClInclude Include="..\include\COLLADAMayaVisualSceneExporter.h">
      <Filter>Header Files\Exporters</Filter>
    </ClInclude>
    <ClInclude Include="..\include\COLLADAMayaSceneElement.h">
      <Filter>Header Files\SceneGraph</Filter>
    </ClInclude>
    <ClInclude Include="..\include\COLLADAMayaSceneGraph.h">
      <Filter>Header Files\SceneGraph</Filter>
    </ClInclude>
    <ClInclude Include="..\include\COLLADAMayaExportOptions.h">
      <Filter>Header Files\Plugin</Filter>
    </ClInclude>
    <ClInclude Include="..\include\COLLADAMayaFileTranslator.h">
      <Filter>Header Files\Plugin</Filter>
    </ClInclude>
    <ClInclude Include="..\include\COLLADAMayaImportOptions.h">
      <Filter>Header Files\Plugin</Filter>
    </ClInclude>
    <ClInclude Include="..\include\COLLADAMayaShaderFXShaderExporter.h">
      <Filter>Header Files\Exporters</Filter>
    </ClInclude>
    <ClInclude Include="..\include\COLLADAMayaAttributeParser.h">
      <Filter>Header Files\Helpers</Filter>
    </ClInclude>
    <ClInclude Include="..\include\COLLADAMayaPhysicsExporter.h">
      <Filter>Header Files\Exporters</Filter>
    </ClInclude>
    <ClInclude Include="..\include\COLLADAMayaLightProbeExporter.h">
      <Filter>Header Files\Exporters</Filter>
    </ClInclude>
    <ClInclude Include="..\include\COLLADAMayaPhysicsSceneExporter.h">
      <Filter>Header Files\Exporters</Filter>
    </ClInclude>
    <ClInclude Include="..\include\COLLADAMayaPhysXExporter.h">
      <Filter>Header Files\Exporters</Filter>
    </ClInclude>
    <ClInclude Include="..\include\COLLADAMayaPhysXXML.h">
      <Filter>Header Files\Exporters</Filter>
    </ClInclude>
    <ClInclude Include="..\include\COLLADAMayaLODExporter.h">
      <Filter>Header Files\Exporters</Filter>
    </ClInclude>
  </ItemGroup>
</Project>