
Microsoft Visual Studio Solution File, Format Version 9.00
# Visual Studio 2005
Project("{8BC9CEB8-8B4A-11D0-8D11-00A0C91BC942}") = "COLLADAMaya", "scripts\COLLADAMaya.vcproj", "{60331F1F-2334-42AF-80A8-A4A6E3299186}"
	ProjectSection(ProjectDependencies) = postProject
		{9A2EC219-A5D3-4369-AA04-20EE036F8055} = {9A2EC219-A5D3-4369-AA04-20EE036F8055}
		{EAB66F01-60B5-43C9-B78D-A8B0B545A20B} = {EAB66F01-60B5-43C9-B78D-A8B0B545A20B}
	EndProjectSection
EndProject
Project("{8BC9CEB8-8B4A-11D0-8D11-00A0C91BC942}") = "COLLADAStreamWriter", "..\COLLADAStreamWriter\scripts\COLLADAStreamWriter.vcproj", "{EAB66F01-60B5-43C9-B78D-A8B0B545A20B}"
EndProject
Project("{8BC9CEB8-8B4A-11D0-8D11-00A0C91BC942}") = "COLLADAHelper", "..\COLLADAHelper\scripts\COLLADABRepHelper.vcproj", "{9A2EC219-A5D3-4369-AA04-20EE036F8055}"
EndProject
Global
	GlobalSection(SolutionConfigurationPlatforms) = preSolution
		DebugConsole2008|Win32 = DebugConsole2008|Win32
		DebugConsole2008|x64 = DebugConsole2008|x64
		DebugPlugin2008|Win32 = DebugPlugin2008|Win32
		DebugPlugin2008|x64 = DebugPlugin2008|x64
		DebugPlugin2009|Win32 = DebugPlugin2009|Win32
		DebugPlugin2009|x64 = DebugPlugin2009|x64
		DebugPlugin70|Win32 = DebugPlugin70|Win32
		DebugPlugin70|x64 = DebugPlugin70|x64
		DebugPlugin80|Win32 = DebugPlugin80|Win32
		DebugPlugin80|x64 = DebugPlugin80|x64
		DebugPlugin85|Win32 = DebugPlugin85|Win32
		DebugPlugin85|x64 = DebugPlugin85|x64
		ReleaseConsole2008|Win32 = ReleaseConsole2008|Win32
		ReleaseConsole2008|x64 = ReleaseConsole2008|x64
		ReleasePlugin2008|Win32 = ReleasePlugin2008|Win32
		ReleasePlugin2008|x64 = ReleasePlugin2008|x64
		ReleasePlugin2009|Win32 = ReleasePlugin2009|Win32
		ReleasePlugin2009|x64 = ReleasePlugin2009|x64
		ReleasePlugin70|Win32 = ReleasePlugin70|Win32
		ReleasePlugin70|x64 = ReleasePlugin70|x64
		ReleasePlugin80|Win32 = ReleasePlugin80|Win32
		ReleasePlugin80|x64 = ReleasePlugin80|x64
		ReleasePlugin85|Win32 = ReleasePlugin85|Win32
		ReleasePlugin85|x64 = ReleasePlugin85|x64
	EndGlobalSection
	GlobalSection(ProjectConfigurationPlatforms) = postSolution
		{60331F1F-2334-42AF-80A8-A4A6E3299186}.DebugConsole2008|Win32.ActiveCfg = DebugConsole2008|Win32
		{60331F1F-2334-42AF-80A8-A4A6E3299186}.DebugConsole2008|Win32.Build.0 = DebugConsole2008|Win32
		{60331F1F-2334-42AF-80A8-A4A6E3299186}.DebugConsole2008|x64.ActiveCfg = DebugConsole2008|x64
		{60331F1F-2334-42AF-80A8-A4A6E3299186}.DebugConsole2008|x64.Build.0 = DebugConsole2008|x64
		{60331F1F-2334-42AF-80A8-A4A6E3299186}.DebugPlugin2008|Win32.ActiveCfg = DebugPlugin2008|Win32
		{60331F1F-2334-42AF-80A8-A4A6E3299186}.DebugPlugin2008|Win32.Build.0 = DebugPlugin2008|Win32
		{60331F1F-2334-42AF-80A8-A4A6E3299186}.DebugPlugin2008|x64.ActiveCfg = DebugPlugin2008|x64
		{60331F1F-2334-42AF-80A8-A4A6E3299186}.DebugPlugin2008|x64.Build.0 = DebugPlugin2008|x64
		{60331F1F-2334-42AF-80A8-A4A6E3299186}.DebugPlugin2009|Win32.ActiveCfg = DebugPlugin2009|Win32
		{60331F1F-2334-42AF-80A8-A4A6E3299186}.DebugPlugin2009|Win32.Build.0 = DebugPlugin2009|Win32
		{60331F1F-2334-42AF-80A8-A4A6E3299186}.DebugPlugin2009|x64.ActiveCfg = DebugPlugin2009|x64
		{60331F1F-2334-42AF-80A8-A4A6E3299186}.DebugPlugin2009|x64.Build.0 = DebugPlugin2009|x64
		{60331F1F-2334-42AF-80A8-A4A6E3299186}.DebugPlugin70|Win32.ActiveCfg = DebugPlugin70|Win32
		{60331F1F-2334-42AF-80A8-A4A6E3299186}.DebugPlugin70|Win32.Build.0 = DebugPlugin70|Win32
		{60331F1F-2334-42AF-80A8-A4A6E3299186}.DebugPlugin70|x64.ActiveCfg = DebugPlugin70|x64
		{60331F1F-2334-42AF-80A8-A4A6E3299186}.DebugPlugin70|x64.Build.0 = DebugPlugin70|x64
		{60331F1F-2334-42AF-80A8-A4A6E3299186}.DebugPlugin80|Win32.ActiveCfg = DebugPlugin80|Win32
		{60331F1F-2334-42AF-80A8-A4A6E3299186}.DebugPlugin80|Win32.Build.0 = DebugPlugin80|Win32
		{60331F1F-2334-42AF-80A8-A4A6E3299186}.DebugPlugin80|x64.ActiveCfg = DebugPlugin80|x64
		{60331F1F-2334-42AF-80A8-A4A6E3299186}.DebugPlugin80|x64.Build.0 = DebugPlugin80|x64
		{60331F1F-2334-42AF-80A8-A4A6E3299186}.DebugPlugin85|Win32.ActiveCfg = DebugPlugin85|Win32
		{60331F1F-2334-42AF-80A8-A4A6E3299186}.DebugPlugin85|Win32.Build.0 = DebugPlugin85|Win32
		{60331F1F-2334-42AF-80A8-A4A6E3299186}.DebugPlugin85|x64.ActiveCfg = DebugPlugin85|x64
		{60331F1F-2334-42AF-80A8-A4A6E3299186}.DebugPlugin85|x64.Build.0 = DebugPlugin85|x64
		{60331F1F-2334-42AF-80A8-A4A6E3299186}.ReleaseConsole2008|Win32.ActiveCfg = ReleaseConsole2008|Win32
		{60331F1F-2334-42AF-80A8-A4A6E3299186}.ReleaseConsole2008|Win32.Build.0 = ReleaseConsole2008|Win32
		{60331F1F-2334-42AF-80A8-A4A6E3299186}.ReleaseConsole2008|x64.ActiveCfg = ReleaseConsole2008|x64
		{60331F1F-2334-42AF-80A8-A4A6E3299186}.ReleaseConsole2008|x64.Build.0 = ReleaseConsole2008|x64
		{60331F1F-2334-42AF-80A8-A4A6E3299186}.ReleasePlugin2008|Win32.ActiveCfg = ReleasePlugin2008|Win32
		{60331F1F-2334-42AF-80A8-A4A6E3299186}.ReleasePlugin2008|Win32.Build.0 = ReleasePlugin2008|Win32
		{60331F1F-2334-42AF-80A8-A4A6E3299186}.ReleasePlugin2008|x64.ActiveCfg = ReleasePlugin2008|x64
		{60331F1F-2334-42AF-80A8-A4A6E3299186}.ReleasePlugin2008|x64.Build.0 = ReleasePlugin2008|x64
		{60331F1F-2334-42AF-80A8-A4A6E3299186}.ReleasePlugin2009|Win32.ActiveCfg = ReleasePlugin2009|Win32
		{60331F1F-2334-42AF-80A8-A4A6E3299186}.ReleasePlugin2009|Win32.Build.0 = ReleasePlugin2009|Win32
		{60331F1F-2334-42AF-80A8-A4A6E3299186}.ReleasePlugin2009|x64.ActiveCfg = ReleasePlugin2009|x64
		{60331F1F-2334-42AF-80A8-A4A6E3299186}.ReleasePlugin2009|x64.Build.0 = ReleasePlugin2009|x64
		{60331F1F-2334-42AF-80A8-A4A6E3299186}.ReleasePlugin70|Win32.ActiveCfg = ReleasePlugin70|Win32
		{60331F1F-2334-42AF-80A8-A4A6E3299186}.ReleasePlugin70|Win32.Build.0 = ReleasePlugin70|Win32
		{60331F1F-2334-42AF-80A8-A4A6E3299186}.ReleasePlugin70|x64.ActiveCfg = ReleasePlugin70|x64
		{60331F1F-2334-42AF-80A8-A4A6E3299186}.ReleasePlugin70|x64.Build.0 = ReleasePlugin70|x64
		{60331F1F-2334-42AF-80A8-A4A6E3299186}.ReleasePlugin80|Win32.ActiveCfg = ReleasePlugin80|Win32
		{60331F1F-2334-42AF-80A8-A4A6E3299186}.ReleasePlugin80|Win32.Build.0 = ReleasePlugin80|Win32
		{60331F1F-2334-42AF-80A8-A4A6E3299186}.ReleasePlugin80|x64.ActiveCfg = ReleasePlugin80|x64
		{60331F1F-2334-42AF-80A8-A4A6E3299186}.ReleasePlugin80|x64.Build.0 = ReleasePlugin80|x64
		{60331F1F-2334-42AF-80A8-A4A6E3299186}.ReleasePlugin85|Win32.ActiveCfg = ReleasePlugin85|Win32
		{60331F1F-2334-42AF-80A8-A4A6E3299186}.ReleasePlugin85|Win32.Build.0 = ReleasePlugin85|Win32
		{60331F1F-2334-42AF-80A8-A4A6E3299186}.ReleasePlugin85|x64.ActiveCfg = ReleasePlugin85|x64
		{60331F1F-2334-42AF-80A8-A4A6E3299186}.ReleasePlugin85|x64.Build.0 = ReleasePlugin85|x64
		{EAB66F01-60B5-43C9-B78D-A8B0B545A20B}.DebugConsole2008|Win32.ActiveCfg = Debug fprintf_s|Win32
		{EAB66F01-60B5-43C9-B78D-A8B0B545A20B}.DebugConsole2008|Win32.Build.0 = Debug fprintf_s|Win32
		{EAB66F01-60B5-43C9-B78D-A8B0B545A20B}.DebugConsole2008|x64.ActiveCfg = Debug fprintf_s|x64
		{EAB66F01-60B5-43C9-B78D-A8B0B545A20B}.DebugConsole2008|x64.Build.0 = Debug fprintf_s|x64
		{EAB66F01-60B5-43C9-B78D-A8B0B545A20B}.DebugPlugin2008|Win32.ActiveCfg = Debug fprintf_s|Win32
		{EAB66F01-60B5-43C9-B78D-A8B0B545A20B}.DebugPlugin2008|Win32.Build.0 = Debug fprintf_s|Win32
		{EAB66F01-60B5-43C9-B78D-A8B0B545A20B}.DebugPlugin2008|x64.ActiveCfg = Debug fprintf_s|x64
		{EAB66F01-60B5-43C9-B78D-A8B0B545A20B}.DebugPlugin2008|x64.Build.0 = Debug fprintf_s|x64
		{EAB66F01-60B5-43C9-B78D-A8B0B545A20B}.DebugPlugin2009|Win32.ActiveCfg = Debug fprintf_s|Win32
		{EAB66F01-60B5-43C9-B78D-A8B0B545A20B}.DebugPlugin2009|Win32.Build.0 = Debug fprintf_s|Win32
		{EAB66F01-60B5-43C9-B78D-A8B0B545A20B}.DebugPlugin2009|x64.ActiveCfg = Debug fprintf_s|x64
		{EAB66F01-60B5-43C9-B78D-A8B0B545A20B}.DebugPlugin2009|x64.Build.0 = Debug fprintf_s|x64
		{EAB66F01-60B5-43C9-B78D-A8B0B545A20B}.DebugPlugin70|Win32.ActiveCfg = Debug fprintf_s|Win32
		{EAB66F01-60B5-43C9-B78D-A8B0B545A20B}.DebugPlugin70|Win32.Build.0 = Debug fprintf_s|Win32
		{EAB66F01-60B5-43C9-B78D-A8B0B545A20B}.DebugPlugin70|x64.ActiveCfg = Debug fprintf_s|x64
		{EAB66F01-60B5-43C9-B78D-A8B0B545A20B}.DebugPlugin70|x64.Build.0 = Debug fprintf_s|x64
		{EAB66F01-60B5-43C9-B78D-A8B0B545A20B}.DebugPlugin80|Win32.ActiveCfg = Debug fprintf_s|Win32
		{EAB66F01-60B5-43C9-B78D-A8B0B545A20B}.DebugPlugin80|Win32.Build.0 = Debug fprintf_s|Win32
		{EAB66F01-60B5-43C9-B78D-A8B0B545A20B}.DebugPlugin80|x64.ActiveCfg = Debug fprintf_s|x64
		{EAB66F01-60B5-43C9-B78D-A8B0B545A20B}.DebugPlugin80|x64.Build.0 = Debug fprintf_s|x64
		{EAB66F01-60B5-43C9-B78D-A8B0B545A20B}.DebugPlugin85|Win32.ActiveCfg = Debug fprintf_s|Win32
		{EAB66F01-60B5-43C9-B78D-A8B0B545A20B}.DebugPlugin85|Win32.Build.0 = Debug fprintf_s|Win32
		{EAB66F01-60B5-43C9-B78D-A8B0B545A20B}.DebugPlugin85|x64.ActiveCfg = Debug fprintf_s|x64
		{EAB66F01-60B5-43C9-B78D-A8B0B545A20B}.DebugPlugin85|x64.Build.0 = Debug fprintf_s|x64
		{EAB66F01-60B5-43C9-B78D-A8B0B545A20B}.ReleaseConsole2008|Win32.ActiveCfg = Release fprintf_s|Win32
		{EAB66F01-60B5-43C9-B78D-A8B0B545A20B}.ReleaseConsole2008|Win32.Build.0 = Release fprintf_s|Win32
		{EAB66F01-60B5-43C9-B78D-A8B0B545A20B}.ReleaseConsole2008|x64.ActiveCfg = Release fprintf_s|x64
		{EAB66F01-60B5-43C9-B78D-A8B0B545A20B}.ReleaseConsole2008|x64.Build.0 = Release fprintf_s|x64
		{EAB66F01-60B5-43C9-B78D-A8B0B545A20B}.ReleasePlugin2008|Win32.ActiveCfg = Release fprintf_s|Win32
		{EAB66F01-60B5-43C9-B78D-A8B0B545A20B}.ReleasePlugin2008|Win32.Build.0 = Release fprintf_s|Win32
		{EAB66F01-60B5-43C9-B78D-A8B0B545A20B}.ReleasePlugin2008|x64.ActiveCfg = Release fprintf_s|x64
		{EAB66F01-60B5-43C9-B78D-A8B0B545A20B}.ReleasePlugin2008|x64.Build.0 = Release fprintf_s|x64
		{EAB66F01-60B5-43C9-B78D-A8B0B545A20B}.ReleasePlugin2009|Win32.ActiveCfg = Release fprintf_s|Win32
		{EAB66F01-60B5-43C9-B78D-A8B0B545A20B}.ReleasePlugin2009|Win32.Build.0 = Release fprintf_s|Win32
		{EAB66F01-60B5-43C9-B78D-A8B0B545A20B}.ReleasePlugin2009|x64.ActiveCfg = Release fprintf_s|x64
		{EAB66F01-60B5-43C9-B78D-A8B0B545A20B}.ReleasePlugin2009|x64.Build.0 = Release fprintf_s|x64
		{EAB66F01-60B5-43C9-B78D-A8B0B545A20B}.ReleasePlugin70|Win32.ActiveCfg = Release fprintf_s|Win32
		{EAB66F01-60B5-43C9-B78D-A8B0B545A20B}.ReleasePlugin70|Win32.Build.0 = Release fprintf_s|Win32
		{EAB66F01-60B5-43C9-B78D-A8B0B545A20B}.ReleasePlugin70|x64.ActiveCfg = Release fprintf_s|x64
		{EAB66F01-60B5-43C9-B78D-A8B0B545A20B}.ReleasePlugin70|x64.Build.0 = Release fprintf_s|x64
		{EAB66F01-60B5-43C9-B78D-A8B0B545A20B}.ReleasePlugin80|Win32.ActiveCfg = Release fprintf_s|Win32
		{EAB66F01-60B5-43C9-B78D-A8B0B545A20B}.ReleasePlugin80|Win32.Build.0 = Release fprintf_s|Win32
		{EAB66F01-60B5-43C9-B78D-A8B0B545A20B}.ReleasePlugin80|x64.ActiveCfg = Release fprintf_s|x64
		{EAB66F01-60B5-43C9-B78D-A8B0B545A20B}.ReleasePlugin80|x64.Build.0 = Release fprintf_s|x64
		{EAB66F01-60B5-43C9-B78D-A8B0B545A20B}.ReleasePlugin85|Win32.ActiveCfg = Release fprintf_s|Win32
		{EAB66F01-60B5-43C9-B78D-A8B0B545A20B}.ReleasePlugin85|Win32.Build.0 = Release fprintf_s|Win32
		{EAB66F01-60B5-43C9-B78D-A8B0B545A20B}.ReleasePlugin85|x64.ActiveCfg = Release fprintf_s|x64
		{EAB66F01-60B5-43C9-B78D-A8B0B545A20B}.ReleasePlugin85|x64.Build.0 = Release fprintf_s|x64
		{9A2EC219-A5D3-4369-AA04-20EE036F8055}.DebugConsole2008|Win32.ActiveCfg = Debug|Win32
		{9A2EC219-A5D3-4369-AA04-20EE036F8055}.DebugConsole2008|Win32.Build.0 = Debug|Win32
		{9A2EC219-A5D3-4369-AA04-20EE036F8055}.DebugConsole2008|x64.ActiveCfg = Debug|x64
		{9A2EC219-A5D3-4369-AA04-20EE036F8055}.DebugConsole2008|x64.Build.0 = Debug|x64
		{9A2EC219-A5D3-4369-AA04-20EE036F8055}.DebugPlugin2008|Win32.ActiveCfg = Debug|Win32
		{9A2EC219-A5D3-4369-AA04-20EE036F8055}.DebugPlugin2008|Win32.Build.0 = Debug|Win32
		{9A2EC219-A5D3-4369-AA04-20EE036F8055}.DebugPlugin2008|x64.ActiveCfg = Debug|x64
		{9A2EC219-A5D3-4369-AA04-20EE036F8055}.DebugPlugin2008|x64.Build.0 = Debug|x64
		{9A2EC219-A5D3-4369-AA04-20EE036F8055}.DebugPlugin2009|Win32.ActiveCfg = Debug|Win32
		{9A2EC219-A5D3-4369-AA04-20EE036F8055}.DebugPlugin2009|Win32.Build.0 = Debug|Win32
		{9A2EC219-A5D3-4369-AA04-20EE036F8055}.DebugPlugin2009|x64.ActiveCfg = Debug|x64
		{9A2EC219-A5D3-4369-AA04-20EE036F8055}.DebugPlugin2009|x64.Build.0 = Debug|x64
		{9A2EC219-A5D3-4369-AA04-20EE036F8055}.DebugPlugin70|Win32.ActiveCfg = Debug|Win32
		{9A2EC219-A5D3-4369-AA04-20EE036F8055}.DebugPlugin70|Win32.Build.0 = Debug|Win32
		{9A2EC219-A5D3-4369-AA04-20EE036F8055}.DebugPlugin70|x64.ActiveCfg = Debug|x64
		{9A2EC219-A5D3-4369-AA04-20EE036F8055}.DebugPlugin70|x64.Build.0 = Debug|x64
		{9A2EC219-A5D3-4369-AA04-20EE036F8055}.DebugPlugin80|Win32.ActiveCfg = Debug|Win32
		{9A2EC219-A5D3-4369-AA04-20EE036F8055}.DebugPlugin80|Win32.Build.0 = Debug|Win32
		{9A2EC219-A5D3-4369-AA04-20EE036F8055}.DebugPlugin80|x64.ActiveCfg = Debug|x64
		{9A2EC219-A5D3-4369-AA04-20EE036F8055}.DebugPlugin80|x64.Build.0 = Debug|x64
		{9A2EC219-A5D3-4369-AA04-20EE036F8055}.DebugPlugin85|Win32.ActiveCfg = Debug|Win32
		{9A2EC219-A5D3-4369-AA04-20EE036F8055}.DebugPlugin85|Win32.Build.0 = Debug|Win32
		{9A2EC219-A5D3-4369-AA04-20EE036F8055}.DebugPlugin85|x64.ActiveCfg = Debug|x64
		{9A2EC219-A5D3-4369-AA04-20EE036F8055}.DebugPlugin85|x64.Build.0 = Debug|x64
		{9A2EC219-A5D3-4369-AA04-20EE036F8055}.ReleaseConsole2008|Win32.ActiveCfg = Release|Win32
		{9A2EC219-A5D3-4369-AA04-20EE036F8055}.ReleaseConsole2008|Win32.Build.0 = Release|Win32
		{9A2EC219-A5D3-4369-AA04-20EE036F8055}.ReleaseConsole2008|x64.ActiveCfg = Release|x64
		{9A2EC219-A5D3-4369-AA04-20EE036F8055}.ReleaseConsole2008|x64.Build.0 = Release|x64
		{9A2EC219-A5D3-4369-AA04-20EE036F8055}.ReleasePlugin2008|Win32.ActiveCfg = Release|Win32
		{9A2EC219-A5D3-4369-AA04-20EE036F8055}.ReleasePlugin2008|Win32.Build.0 = Release|Win32
		{9A2EC219-A5D3-4369-AA04-20EE036F8055}.ReleasePlugin2008|x64.ActiveCfg = Release|x64
		{9A2EC219-A5D3-4369-AA04-20EE036F8055}.ReleasePlugin2008|x64.Build.0 = Release|x64
		{9A2EC219-A5D3-4369-AA04-20EE036F8055}.ReleasePlugin2009|Win32.ActiveCfg = Release|Win32
		{9A2EC219-A5D3-4369-AA04-20EE036F8055}.ReleasePlugin2009|Win32.Build.0 = Release|Win32
		{9A2EC219-A5D3-4369-AA04-20EE036F8055}.ReleasePlugin2009|x64.ActiveCfg = Release|x64
		{9A2EC219-A5D3-4369-AA04-20EE036F8055}.ReleasePlugin2009|x64.Build.0 = Release|x64
		{9A2EC219-A5D3-4369-AA04-20EE036F8055}.ReleasePlugin70|Win32.ActiveCfg = Release|Win32
		{9A2EC219-A5D3-4369-AA04-20EE036F8055}.ReleasePlugin70|Win32.Build.0 = Release|Win32
		{9A2EC219-A5D3-4369-AA04-20EE036F8055}.ReleasePlugin70|x64.ActiveCfg = Release|x64
		{9A2EC219-A5D3-4369-AA04-20EE036F8055}.ReleasePlugin70|x64.Build.0 = Release|x64
		{9A2EC219-A5D3-4369-AA04-20EE036F8055}.ReleasePlugin80|Win32.ActiveCfg = Release|Win32
		{9A2EC219-A5D3-4369-AA04-20EE036F8055}.ReleasePlugin80|Win32.Build.0 = Release|Win32
		{9A2EC219-A5D3-4369-AA04-20EE036F8055}.ReleasePlugin80|x64.ActiveCfg = Release|x64
		{9A2EC219-A5D3-4369-AA04-20EE036F8055}.ReleasePlugin80|x64.Build.0 = Release|x64
		{9A2EC219-A5D3-4369-AA04-20EE036F8055}.ReleasePlugin85|Win32.ActiveCfg = Release|Win32
		{9A2EC219-A5D3-4369-AA04-20EE036F8055}.ReleasePlugin85|Win32.Build.0 = Release|Win32
		{9A2EC219-A5D3-4369-AA04-20EE036F8055}.ReleasePlugin85|x64.ActiveCfg = Release|x64
		{9A2EC219-A5D3-4369-AA04-20EE036F8055}.ReleasePlugin85|x64.Build.0 = Release|x64
	EndGlobalSection
	GlobalSection(SolutionProperties) = preSolution
		HideSolutionNode = FALSE
	EndGlobalSection
	GlobalSection(ExtensibilityGlobals) = postSolution
		AMDCaProjectFile = C:\netallied\projekte\COLLADA\COLLADANextgen\COLLADAMaya\CodeAnalyst\COLLADAMaya.caw
	EndGlobalSection
EndGlobal
