
Microsoft Visual Studio Solution File, Format Version 10.00
# Visual Studio 2008
Project("{8BC9CEB8-8B4A-11D0-8D11-00A0C91BC942}") = "dae23ds", "scripts\dae23ds.vcproj", "{06180FAB-1DCF-4E3A-AEF6-0506D0349F49}"
	ProjectSection(ProjectDependencies) = postProject
		{12BBEF01-C49C-4DE5-B9C9-8E5BD3F4B0AB} = {12BBEF01-C49C-4DE5-B9C9-8E5BD3F4B0AB}
		{6E55CA53-AAAB-493D-A2BF-9D40737803FC} = {6E55CA53-AAAB-493D-A2BF-9D40737803FC}
		{9F164B41-40E0-4EFA-A7C7-A89C12B4FB39} = {9F164B41-40E0-4EFA-A7C7-A89C12B4FB39}
		{2C3C4869-D684-4981-98E7-6D9798B72145} = {2C3C4869-D684-4981-98E7-6D9798B72145}
		{0B6C3FEA-0065-44D2-A69A-28F810A4F2AF} = {0B6C3FEA-0065-44D2-A69A-28F810A4F2AF}
		{D7F466F4-2AEA-4648-BE09-024C887BC157} = {D7F466F4-2AEA-4648-BE09-024C887BC157}
		{8628A8F8-BD50-4463-9EE7-F9118CBA194A} = {8628A8F8-BD50-4463-9EE7-F9118CBA194A}
		{F1DEFC38-6AA9-4799-983B-96610117CAF7} = {F1DEFC38-6AA9-4799-983B-96610117CAF7}
		{71A48A24-8603-49FB-9458-CB4E97309378} = {71A48A24-8603-49FB-9458-CB4E97309378}
		{F36A0F1F-D046-4DD9-B231-F3A478443A68} = {F36A0F1F-D046-4DD9-B231-F3A478443A68}
	EndProjectSection
EndProject
Project("{8BC9CEB8-8B4A-11D0-8D11-00A0C91BC942}") = "LibXML", "..\Externals\LibXML\scripts\LibXML.vcproj", "{D7F466F4-2AEA-4648-BE09-024C887BC157}"
EndProject
Project("{8BC9CEB8-8B4A-11D0-8D11-00A0C91BC942}") = "MathMLSolver", "..\Externals\MathMLSolver\scripts\MathMLSolver.vcproj", "{F1DEFC38-6AA9-4799-983B-96610117CAF7}"
EndProject
Project("{8BC9CEB8-8B4A-11D0-8D11-00A0C91BC942}") = "pcre", "..\Externals\pcre\scripts\pcre.vcproj", "{71A48A24-8603-49FB-9458-CB4E97309378}"
EndProject
Project("{8BC9CEB8-8B4A-11D0-8D11-00A0C91BC942}") = "COLLADABaseUtils", "..\COLLADABaseUtils\scripts\COLLADABaseUtils.vcproj", "{2C3C4869-D684-4981-98E7-6D9798B72145}"
EndProject
Project("{8BC9CEB8-8B4A-11D0-8D11-00A0C91BC942}") = "COLLADAFramework", "..\COLLADAFramework\scripts\COLLADAFramework.vcproj", "{9F164B41-40E0-4EFA-A7C7-A89C12B4FB39}"
	ProjectSection(ProjectDependencies) = postProject
		{2C3C4869-D684-4981-98E7-6D9798B72145} = {2C3C4869-D684-4981-98E7-6D9798B72145}
		{71A48A24-8603-49FB-9458-CB4E97309378} = {71A48A24-8603-49FB-9458-CB4E97309378}
		{F1DEFC38-6AA9-4799-983B-96610117CAF7} = {F1DEFC38-6AA9-4799-983B-96610117CAF7}
	EndProjectSection
EndProject
Project("{8BC9CEB8-8B4A-11D0-8D11-00A0C91BC942}") = "COLLADASaxFrameworkLoader", "..\COLLADASaxFrameworkLoader\scripts\COLLADASaxFrameworkLoader.vcproj", "{8628A8F8-BD50-4463-9EE7-F9118CBA194A}"
	ProjectSection(ProjectDependencies) = postProject
		{71A48A24-8603-49FB-9458-CB4E97309378} = {71A48A24-8603-49FB-9458-CB4E97309378}
		{F1DEFC38-6AA9-4799-983B-96610117CAF7} = {F1DEFC38-6AA9-4799-983B-96610117CAF7}
		{9F164B41-40E0-4EFA-A7C7-A89C12B4FB39} = {9F164B41-40E0-4EFA-A7C7-A89C12B4FB39}
		{2C3C4869-D684-4981-98E7-6D9798B72145} = {2C3C4869-D684-4981-98E7-6D9798B72145}
		{0B6C3FEA-0065-44D2-A69A-28F810A4F2AF} = {0B6C3FEA-0065-44D2-A69A-28F810A4F2AF}
		{D7F466F4-2AEA-4648-BE09-024C887BC157} = {D7F466F4-2AEA-4648-BE09-024C887BC157}
	EndProjectSection
EndProject
Project("{8BC9CEB8-8B4A-11D0-8D11-00A0C91BC942}") = "GeneratedSaxParser", "..\GeneratedSaxParser\scripts\GeneratedSaxParser.vcproj", "{0B6C3FEA-0065-44D2-A69A-28F810A4F2AF}"
	ProjectSection(ProjectDependencies) = postProject
		{D7F466F4-2AEA-4648-BE09-024C887BC157} = {D7F466F4-2AEA-4648-BE09-024C887BC157}
	EndProjectSection
EndProject
Project("{8BC9CEB8-8B4A-11D0-8D11-00A0C91BC942}") = "libBuffer", "..\common\libBuffer\scripts\libBuffer.vcproj", "{F36A0F1F-D046-4DD9-B231-F3A478443A68}"
EndProject
Project("{8BC9CEB8-8B4A-11D0-8D11-00A0C91BC942}") = "libftoa", "..\common\libftoa\scripts\libftoa.vcproj", "{12BBEF01-C49C-4DE5-B9C9-8E5BD3F4B0AB}"
EndProject
Project("{8BC9CEB8-8B4A-11D0-8D11-00A0C91BC942}") = "expat_static", "..\Externals\expat\lib\expat_static.vcproj", "{6E55CA53-AAAB-493D-A2BF-9D40737803FC}"
EndProject
Global
	GlobalSection(SolutionConfigurationPlatforms) = preSolution
		Debug Expat NoValidation|Win32 = Debug Expat NoValidation|Win32
		Debug Expat NoValidation|x64 = Debug Expat NoValidation|x64
		Debug Expat|Win32 = Debug Expat|Win32
		Debug Expat|x64 = Debug Expat|x64
		Debug LibXML NoValidation|Win32 = Debug LibXML NoValidation|Win32
		Debug LibXML NoValidation|x64 = Debug LibXML NoValidation|x64
		Debug LibXML|Win32 = Debug LibXML|Win32
		Debug LibXML|x64 = Debug LibXML|x64
		Release Expat NoValidation|Win32 = Release Expat NoValidation|Win32
		Release Expat NoValidation|x64 = Release Expat NoValidation|x64
		Release Expat|Win32 = Release Expat|Win32
		Release Expat|x64 = Release Expat|x64
		Release LibXML NoValidation|Win32 = Release LibXML NoValidation|Win32
		Release LibXML NoValidation|x64 = Release LibXML NoValidation|x64
		Release LibXML|Win32 = Release LibXML|Win32
		Release LibXML|x64 = Release LibXML|x64
	EndGlobalSection
	GlobalSection(ProjectConfigurationPlatforms) = postSolution
		{06180FAB-1DCF-4E3A-AEF6-0506D0349F49}.Debug Expat NoValidation|Win32.ActiveCfg = Debug|Win32
		{06180FAB-1DCF-4E3A-AEF6-0506D0349F49}.Debug Expat NoValidation|Win32.Build.0 = Debug|Win32
		{06180FAB-1DCF-4E3A-AEF6-0506D0349F49}.Debug Expat NoValidation|x64.ActiveCfg = Debug|Win32
		{06180FAB-1DCF-4E3A-AEF6-0506D0349F49}.Debug Expat|Win32.ActiveCfg = Debug|Win32
		{06180FAB-1DCF-4E3A-AEF6-0506D0349F49}.Debug Expat|Win32.Build.0 = Debug|Win32
		{06180FAB-1DCF-4E3A-AEF6-0506D0349F49}.Debug Expat|x64.ActiveCfg = Debug|Win32
		{06180FAB-1DCF-4E3A-AEF6-0506D0349F49}.Debug LibXML NoValidation|Win32.ActiveCfg = Debug|Win32
		{06180FAB-1DCF-4E3A-AEF6-0506D0349F49}.Debug LibXML NoValidation|Win32.Build.0 = Debug|Win32
		{06180FAB-1DCF-4E3A-AEF6-0506D0349F49}.Debug LibXML NoValidation|x64.ActiveCfg = Debug|Win32
		{06180FAB-1DCF-4E3A-AEF6-0506D0349F49}.Debug LibXML|Win32.ActiveCfg = Debug|Win32
		{06180FAB-1DCF-4E3A-AEF6-0506D0349F49}.Debug LibXML|Win32.Build.0 = Debug|Win32
		{06180FAB-1DCF-4E3A-AEF6-0506D0349F49}.Debug LibXML|x64.ActiveCfg = Debug|Win32
		{06180FAB-1DCF-4E3A-AEF6-0506D0349F49}.Release Expat NoValidation|Win32.ActiveCfg = Release|Win32
		{06180FAB-1DCF-4E3A-AEF6-0506D0349F49}.Release Expat NoValidation|Win32.Build.0 = Release|Win32
		{06180FAB-1DCF-4E3A-AEF6-0506D0349F49}.Release Expat NoValidation|x64.ActiveCfg = Release|Win32
		{06180FAB-1DCF-4E3A-AEF6-0506D0349F49}.Release Expat|Win32.ActiveCfg = Release|Win32
		{06180FAB-1DCF-4E3A-AEF6-0506D0349F49}.Release Expat|Win32.Build.0 = Release|Win32
		{06180FAB-1DCF-4E3A-AEF6-0506D0349F49}.Release Expat|x64.ActiveCfg = Release|Win32
		{06180FAB-1DCF-4E3A-AEF6-0506D0349F49}.Release LibXML NoValidation|Win32.ActiveCfg = Release|Win32
		{06180FAB-1DCF-4E3A-AEF6-0506D0349F49}.Release LibXML NoValidation|Win32.Build.0 = Release|Win32
		{06180FAB-1DCF-4E3A-AEF6-0506D0349F49}.Release LibXML NoValidation|x64.ActiveCfg = Release|Win32
		{06180FAB-1DCF-4E3A-AEF6-0506D0349F49}.Release LibXML|Win32.ActiveCfg = Release|Win32
		{06180FAB-1DCF-4E3A-AEF6-0506D0349F49}.Release LibXML|Win32.Build.0 = Release|Win32
		{06180FAB-1DCF-4E3A-AEF6-0506D0349F49}.Release LibXML|x64.ActiveCfg = Release|Win32
		{D7F466F4-2AEA-4648-BE09-024C887BC157}.Debug Expat NoValidation|Win32.ActiveCfg = Debug|Win32
		{D7F466F4-2AEA-4648-BE09-024C887BC157}.Debug Expat NoValidation|Win32.Build.0 = Debug|Win32
		{D7F466F4-2AEA-4648-BE09-024C887BC157}.Debug Expat NoValidation|x64.ActiveCfg = Debug|x64
		{D7F466F4-2AEA-4648-BE09-024C887BC157}.Debug Expat NoValidation|x64.Build.0 = Debug|x64
		{D7F466F4-2AEA-4648-BE09-024C887BC157}.Debug Expat|Win32.ActiveCfg = Debug|Win32
		{D7F466F4-2AEA-4648-BE09-024C887BC157}.Debug Expat|Win32.Build.0 = Debug|Win32
		{D7F466F4-2AEA-4648-BE09-024C887BC157}.Debug Expat|x64.ActiveCfg = Debug|x64
		{D7F466F4-2AEA-4648-BE09-024C887BC157}.Debug Expat|x64.Build.0 = Debug|x64
		{D7F466F4-2AEA-4648-BE09-024C887BC157}.Debug LibXML NoValidation|Win32.ActiveCfg = Debug|Win32
		{D7F466F4-2AEA-4648-BE09-024C887BC157}.Debug LibXML NoValidation|Win32.Build.0 = Debug|Win32
		{D7F466F4-2AEA-4648-BE09-024C887BC157}.Debug LibXML NoValidation|x64.ActiveCfg = Debug|x64
		{D7F466F4-2AEA-4648-BE09-024C887BC157}.Debug LibXML NoValidation|x64.Build.0 = Debug|x64
		{D7F466F4-2AEA-4648-BE09-024C887BC157}.Debug LibXML|Win32.ActiveCfg = Debug|Win32
		{D7F466F4-2AEA-4648-BE09-024C887BC157}.Debug LibXML|Win32.Build.0 = Debug|Win32
		{D7F466F4-2AEA-4648-BE09-024C887BC157}.Debug LibXML|x64.ActiveCfg = Debug|x64
		{D7F466F4-2AEA-4648-BE09-024C887BC157}.Debug LibXML|x64.Build.0 = Debug|x64
		{D7F466F4-2AEA-4648-BE09-024C887BC157}.Release Expat NoValidation|Win32.ActiveCfg = Release|Win32
		{D7F466F4-2AEA-4648-BE09-024C887BC157}.Release Expat NoValidation|Win32.Build.0 = Release|Win32
		{D7F466F4-2AEA-4648-BE09-024C887BC157}.Release Expat NoValidation|x64.ActiveCfg = Release|x64
		{D7F466F4-2AEA-4648-BE09-024C887BC157}.Release Expat NoValidation|x64.Build.0 = Release|x64
		{D7F466F4-2AEA-4648-BE09-024C887BC157}.Release Expat|Win32.ActiveCfg = Release|Win32
		{D7F466F4-2AEA-4648-BE09-024C887BC157}.Release Expat|Win32.Build.0 = Release|Win32
		{D7F466F4-2AEA-4648-BE09-024C887BC157}.Release Expat|x64.ActiveCfg = Release|x64
		{D7F466F4-2AEA-4648-BE09-024C887BC157}.Release Expat|x64.Build.0 = Release|x64
		{D7F466F4-2AEA-4648-BE09-024C887BC157}.Release LibXML NoValidation|Win32.ActiveCfg = Release|Win32
		{D7F466F4-2AEA-4648-BE09-024C887BC157}.Release LibXML NoValidation|Win32.Build.0 = Release|Win32
		{D7F466F4-2AEA-4648-BE09-024C887BC157}.Release LibXML NoValidation|x64.ActiveCfg = Release|x64
		{D7F466F4-2AEA-4648-BE09-024C887BC157}.Release LibXML NoValidation|x64.Build.0 = Release|x64
		{D7F466F4-2AEA-4648-BE09-024C887BC157}.Release LibXML|Win32.ActiveCfg = Release|Win32
		{D7F466F4-2AEA-4648-BE09-024C887BC157}.Release LibXML|Win32.Build.0 = Release|Win32
		{D7F466F4-2AEA-4648-BE09-024C887BC157}.Release LibXML|x64.ActiveCfg = Release|x64
		{D7F466F4-2AEA-4648-BE09-024C887BC157}.Release LibXML|x64.Build.0 = Release|x64
		{F1DEFC38-6AA9-4799-983B-96610117CAF7}.Debug Expat NoValidation|Win32.ActiveCfg = Debug|Win32
		{F1DEFC38-6AA9-4799-983B-96610117CAF7}.Debug Expat NoValidation|Win32.Build.0 = Debug|Win32
		{F1DEFC38-6AA9-4799-983B-96610117CAF7}.Debug Expat NoValidation|x64.ActiveCfg = Debug|x64
		{F1DEFC38-6AA9-4799-983B-96610117CAF7}.Debug Expat NoValidation|x64.Build.0 = Debug|x64
		{F1DEFC38-6AA9-4799-983B-96610117CAF7}.Debug Expat|Win32.ActiveCfg = Debug|Win32
		{F1DEFC38-6AA9-4799-983B-96610117CAF7}.Debug Expat|Win32.Build.0 = Debug|Win32
		{F1DEFC38-6AA9-4799-983B-96610117CAF7}.Debug Expat|x64.ActiveCfg = Debug|x64
		{F1DEFC38-6AA9-4799-983B-96610117CAF7}.Debug Expat|x64.Build.0 = Debug|x64
		{F1DEFC38-6AA9-4799-983B-96610117CAF7}.Debug LibXML NoValidation|Win32.ActiveCfg = Debug|Win32
		{F1DEFC38-6AA9-4799-983B-96610117CAF7}.Debug LibXML NoValidation|Win32.Build.0 = Debug|Win32
		{F1DEFC38-6AA9-4799-983B-96610117CAF7}.Debug LibXML NoValidation|x64.ActiveCfg = Debug|x64
		{F1DEFC38-6AA9-4799-983B-96610117CAF7}.Debug LibXML NoValidation|x64.Build.0 = Debug|x64
		{F1DEFC38-6AA9-4799-983B-96610117CAF7}.Debug LibXML|Win32.ActiveCfg = Debug|Win32
		{F1DEFC38-6AA9-4799-983B-96610117CAF7}.Debug LibXML|Win32.Build.0 = Debug|Win32
		{F1DEFC38-6AA9-4799-983B-96610117CAF7}.Debug LibXML|x64.ActiveCfg = Debug|x64
		{F1DEFC38-6AA9-4799-983B-96610117CAF7}.Debug LibXML|x64.Build.0 = Debug|x64
		{F1DEFC38-6AA9-4799-983B-96610117CAF7}.Release Expat NoValidation|Win32.ActiveCfg = Release|Win32
		{F1DEFC38-6AA9-4799-983B-96610117CAF7}.Release Expat NoValidation|Win32.Build.0 = Release|Win32
		{F1DEFC38-6AA9-4799-983B-96610117CAF7}.Release Expat NoValidation|x64.ActiveCfg = Release|x64
		{F1DEFC38-6AA9-4799-983B-96610117CAF7}.Release Expat NoValidation|x64.Build.0 = Release|x64
		{F1DEFC38-6AA9-4799-983B-96610117CAF7}.Release Expat|Win32.ActiveCfg = Release|Win32
		{F1DEFC38-6AA9-4799-983B-96610117CAF7}.Release Expat|Win32.Build.0 = Release|Win32
		{F1DEFC38-6AA9-4799-983B-96610117CAF7}.Release Expat|x64.ActiveCfg = Release|x64
		{F1DEFC38-6AA9-4799-983B-96610117CAF7}.Release Expat|x64.Build.0 = Release|x64
		{F1DEFC38-6AA9-4799-983B-96610117CAF7}.Release LibXML NoValidation|Win32.ActiveCfg = Release|Win32
		{F1DEFC38-6AA9-4799-983B-96610117CAF7}.Release LibXML NoValidation|Win32.Build.0 = Release|Win32
		{F1DEFC38-6AA9-4799-983B-96610117CAF7}.Release LibXML NoValidation|x64.ActiveCfg = Release|x64
		{F1DEFC38-6AA9-4799-983B-96610117CAF7}.Release LibXML NoValidation|x64.Build.0 = Release|x64
		{F1DEFC38-6AA9-4799-983B-96610117CAF7}.Release LibXML|Win32.ActiveCfg = Release|Win32
		{F1DEFC38-6AA9-4799-983B-96610117CAF7}.Release LibXML|Win32.Build.0 = Release|Win32
		{F1DEFC38-6AA9-4799-983B-96610117CAF7}.Release LibXML|x64.ActiveCfg = Release|x64
		{F1DEFC38-6AA9-4799-983B-96610117CAF7}.Release LibXML|x64.Build.0 = Release|x64
		{71A48A24-8603-49FB-9458-CB4E97309378}.Debug Expat NoValidation|Win32.ActiveCfg = Debug|Win32
		{71A48A24-8603-49FB-9458-CB4E97309378}.Debug Expat NoValidation|Win32.Build.0 = Debug|Win32
		{71A48A24-8603-49FB-9458-CB4E97309378}.Debug Expat NoValidation|x64.ActiveCfg = Debug|x64
		{71A48A24-8603-49FB-9458-CB4E97309378}.Debug Expat NoValidation|x64.Build.0 = Debug|x64
		{71A48A24-8603-49FB-9458-CB4E97309378}.Debug Expat|Win32.ActiveCfg = Debug|Win32
		{71A48A24-8603-49FB-9458-CB4E97309378}.Debug Expat|Win32.Build.0 = Debug|Win32
		{71A48A24-8603-49FB-9458-CB4E97309378}.Debug Expat|x64.ActiveCfg = Debug|x64
		{71A48A24-8603-49FB-9458-CB4E97309378}.Debug Expat|x64.Build.0 = Debug|x64
		{71A48A24-8603-49FB-9458-CB4E97309378}.Debug LibXML NoValidation|Win32.ActiveCfg = Debug|Win32
		{71A48A24-8603-49FB-9458-CB4E97309378}.Debug LibXML NoValidation|Win32.Build.0 = Debug|Win32
		{71A48A24-8603-49FB-9458-CB4E97309378}.Debug LibXML NoValidation|x64.ActiveCfg = Debug|x64
		{71A48A24-8603-49FB-9458-CB4E97309378}.Debug LibXML NoValidation|x64.Build.0 = Debug|x64
		{71A48A24-8603-49FB-9458-CB4E97309378}.Debug LibXML|Win32.ActiveCfg = Debug|Win32
		{71A48A24-8603-49FB-9458-CB4E97309378}.Debug LibXML|Win32.Build.0 = Debug|Win32
		{71A48A24-8603-49FB-9458-CB4E97309378}.Debug LibXML|x64.ActiveCfg = Debug|x64
		{71A48A24-8603-49FB-9458-CB4E97309378}.Debug LibXML|x64.Build.0 = Debug|x64
		{71A48A24-8603-49FB-9458-CB4E97309378}.Release Expat NoValidation|Win32.ActiveCfg = Release|Win32
		{71A48A24-8603-49FB-9458-CB4E97309378}.Release Expat NoValidation|Win32.Build.0 = Release|Win32
		{71A48A24-8603-49FB-9458-CB4E97309378}.Release Expat NoValidation|x64.ActiveCfg = Release|x64
		{71A48A24-8603-49FB-9458-CB4E97309378}.Release Expat NoValidation|x64.Build.0 = Release|x64
		{71A48A24-8603-49FB-9458-CB4E97309378}.Release Expat|Win32.ActiveCfg = Release|Win32
		{71A48A24-8603-49FB-9458-CB4E97309378}.Release Expat|Win32.Build.0 = Release|Win32
		{71A48A24-8603-49FB-9458-CB4E97309378}.Release Expat|x64.ActiveCfg = Release|x64
		{71A48A24-8603-49FB-9458-CB4E97309378}.Release Expat|x64.Build.0 = Release|x64
		{71A48A24-8603-49FB-9458-CB4E97309378}.Release LibXML NoValidation|Win32.ActiveCfg = Release|Win32
		{71A48A24-8603-49FB-9458-CB4E97309378}.Release LibXML NoValidation|Win32.Build.0 = Release|Win32
		{71A48A24-8603-49FB-9458-CB4E97309378}.Release LibXML NoValidation|x64.ActiveCfg = Release|x64
		{71A48A24-8603-49FB-9458-CB4E97309378}.Release LibXML NoValidation|x64.Build.0 = Release|x64
		{71A48A24-8603-49FB-9458-CB4E97309378}.Release LibXML|Win32.ActiveCfg = Release|Win32
		{71A48A24-8603-49FB-9458-CB4E97309378}.Release LibXML|Win32.Build.0 = Release|Win32
		{71A48A24-8603-49FB-9458-CB4E97309378}.Release LibXML|x64.ActiveCfg = Release|x64
		{71A48A24-8603-49FB-9458-CB4E97309378}.Release LibXML|x64.Build.0 = Release|x64
		{2C3C4869-D684-4981-98E7-6D9798B72145}.Debug Expat NoValidation|Win32.ActiveCfg = Debug|Win32
		{2C3C4869-D684-4981-98E7-6D9798B72145}.Debug Expat NoValidation|Win32.Build.0 = Debug|Win32
		{2C3C4869-D684-4981-98E7-6D9798B72145}.Debug Expat NoValidation|x64.ActiveCfg = Debug|x64
		{2C3C4869-D684-4981-98E7-6D9798B72145}.Debug Expat NoValidation|x64.Build.0 = Debug|x64
		{2C3C4869-D684-4981-98E7-6D9798B72145}.Debug Expat|Win32.ActiveCfg = Debug|Win32
		{2C3C4869-D684-4981-98E7-6D9798B72145}.Debug Expat|Win32.Build.0 = Debug|Win32
		{2C3C4869-D684-4981-98E7-6D9798B72145}.Debug Expat|x64.ActiveCfg = Debug|x64
		{2C3C4869-D684-4981-98E7-6D9798B72145}.Debug Expat|x64.Build.0 = Debug|x64
		{2C3C4869-D684-4981-98E7-6D9798B72145}.Debug LibXML NoValidation|Win32.ActiveCfg = Debug|Win32
		{2C3C4869-D684-4981-98E7-6D9798B72145}.Debug LibXML NoValidation|Win32.Build.0 = Debug|Win32
		{2C3C4869-D684-4981-98E7-6D9798B72145}.Debug LibXML NoValidation|x64.ActiveCfg = Debug|x64
		{2C3C4869-D684-4981-98E7-6D9798B72145}.Debug LibXML NoValidation|x64.Build.0 = Debug|x64
		{2C3C4869-D684-4981-98E7-6D9798B72145}.Debug LibXML|Win32.ActiveCfg = Debug|Win32
		{2C3C4869-D684-4981-98E7-6D9798B72145}.Debug LibXML|Win32.Build.0 = Debug|Win32
		{2C3C4869-D684-4981-98E7-6D9798B72145}.Debug LibXML|x64.ActiveCfg = Debug|x64
		{2C3C4869-D684-4981-98E7-6D9798B72145}.Debug LibXML|x64.Build.0 = Debug|x64
		{2C3C4869-D684-4981-98E7-6D9798B72145}.Release Expat NoValidation|Win32.ActiveCfg = Release|Win32
		{2C3C4869-D684-4981-98E7-6D9798B72145}.Release Expat NoValidation|Win32.Build.0 = Release|Win32
		{2C3C4869-D684-4981-98E7-6D9798B72145}.Release Expat NoValidation|x64.ActiveCfg = Release|x64
		{2C3C4869-D684-4981-98E7-6D9798B72145}.Release Expat NoValidation|x64.Build.0 = Release|x64
		{2C3C4869-D684-4981-98E7-6D9798B72145}.Release Expat|Win32.ActiveCfg = Release|Win32
		{2C3C4869-D684-4981-98E7-6D9798B72145}.Release Expat|Win32.Build.0 = Release|Win32
		{2C3C4869-D684-4981-98E7-6D9798B72145}.Release Expat|x64.ActiveCfg = Release|x64
		{2C3C4869-D684-4981-98E7-6D9798B72145}.Release Expat|x64.Build.0 = Release|x64
		{2C3C4869-D684-4981-98E7-6D9798B72145}.Release LibXML NoValidation|Win32.ActiveCfg = Release|Win32
		{2C3C4869-D684-4981-98E7-6D9798B72145}.Release LibXML NoValidation|Win32.Build.0 = Release|Win32
		{2C3C4869-D684-4981-98E7-6D9798B72145}.Release LibXML NoValidation|x64.ActiveCfg = Release|x64
		{2C3C4869-D684-4981-98E7-6D9798B72145}.Release LibXML NoValidation|x64.Build.0 = Release|x64
		{2C3C4869-D684-4981-98E7-6D9798B72145}.Release LibXML|Win32.ActiveCfg = Release|Win32
		{2C3C4869-D684-4981-98E7-6D9798B72145}.Release LibXML|Win32.Build.0 = Release|Win32
		{2C3C4869-D684-4981-98E7-6D9798B72145}.Release LibXML|x64.ActiveCfg = Release|x64
		{2C3C4869-D684-4981-98E7-6D9798B72145}.Release LibXML|x64.Build.0 = Release|x64
		{9F164B41-40E0-4EFA-A7C7-A89C12B4FB39}.Debug Expat NoValidation|Win32.ActiveCfg = Debug|Win32
		{9F164B41-40E0-4EFA-A7C7-A89C12B4FB39}.Debug Expat NoValidation|Win32.Build.0 = Debug|Win32
		{9F164B41-40E0-4EFA-A7C7-A89C12B4FB39}.Debug Expat NoValidation|x64.ActiveCfg = Debug|x64
		{9F164B41-40E0-4EFA-A7C7-A89C12B4FB39}.Debug Expat NoValidation|x64.Build.0 = Debug|x64
		{9F164B41-40E0-4EFA-A7C7-A89C12B4FB39}.Debug Expat|Win32.ActiveCfg = Debug|Win32
		{9F164B41-40E0-4EFA-A7C7-A89C12B4FB39}.Debug Expat|Win32.Build.0 = Debug|Win32
		{9F164B41-40E0-4EFA-A7C7-A89C12B4FB39}.Debug Expat|x64.ActiveCfg = Debug|x64
		{9F164B41-40E0-4EFA-A7C7-A89C12B4FB39}.Debug Expat|x64.Build.0 = Debug|x64
		{9F164B41-40E0-4EFA-A7C7-A89C12B4FB39}.Debug LibXML NoValidation|Win32.ActiveCfg = Debug|Win32
		{9F164B41-40E0-4EFA-A7C7-A89C12B4FB39}.Debug LibXML NoValidation|Win32.Build.0 = Debug|Win32
		{9F164B41-40E0-4EFA-A7C7-A89C12B4FB39}.Debug LibXML NoValidation|x64.ActiveCfg = Debug|x64
		{9F164B41-40E0-4EFA-A7C7-A89C12B4FB39}.Debug LibXML NoValidation|x64.Build.0 = Debug|x64
		{9F164B41-40E0-4EFA-A7C7-A89C12B4FB39}.Debug LibXML|Win32.ActiveCfg = Debug|Win32
		{9F164B41-40E0-4EFA-A7C7-A89C12B4FB39}.Debug LibXML|Win32.Build.0 = Debug|Win32
		{9F164B41-40E0-4EFA-A7C7-A89C12B4FB39}.Debug LibXML|x64.ActiveCfg = Debug|x64
		{9F164B41-40E0-4EFA-A7C7-A89C12B4FB39}.Debug LibXML|x64.Build.0 = Debug|x64
		{9F164B41-40E0-4EFA-A7C7-A89C12B4FB39}.Release Expat NoValidation|Win32.ActiveCfg = Release|Win32
		{9F164B41-40E0-4EFA-A7C7-A89C12B4FB39}.Release Expat NoValidation|Win32.Build.0 = Release|Win32
		{9F164B41-40E0-4EFA-A7C7-A89C12B4FB39}.Release Expat NoValidation|x64.ActiveCfg = Release|x64
		{9F164B41-40E0-4EFA-A7C7-A89C12B4FB39}.Release Expat NoValidation|x64.Build.0 = Release|x64
		{9F164B41-40E0-4EFA-A7C7-A89C12B4FB39}.Release Expat|Win32.ActiveCfg = Release|Win32
		{9F164B41-40E0-4EFA-A7C7-A89C12B4FB39}.Release Expat|Win32.Build.0 = Release|Win32
		{9F164B41-40E0-4EFA-A7C7-A89C12B4FB39}.Release Expat|x64.ActiveCfg = Release|x64
		{9F164B41-40E0-4EFA-A7C7-A89C12B4FB39}.Release Expat|x64.Build.0 = Release|x64
		{9F164B41-40E0-4EFA-A7C7-A89C12B4FB39}.Release LibXML NoValidation|Win32.ActiveCfg = Release|Win32
		{9F164B41-40E0-4EFA-A7C7-A89C12B4FB39}.Release LibXML NoValidation|Win32.Build.0 = Release|Win32
		{9F164B41-40E0-4EFA-A7C7-A89C12B4FB39}.Release LibXML NoValidation|x64.ActiveCfg = Release|x64
		{9F164B41-40E0-4EFA-A7C7-A89C12B4FB39}.Release LibXML NoValidation|x64.Build.0 = Release|x64
		{9F164B41-40E0-4EFA-A7C7-A89C12B4FB39}.Release LibXML|Win32.ActiveCfg = Release|Win32
		{9F164B41-40E0-4EFA-A7C7-A89C12B4FB39}.Release LibXML|Win32.Build.0 = Release|Win32
		{9F164B41-40E0-4EFA-A7C7-A89C12B4FB39}.Release LibXML|x64.ActiveCfg = Release|x64
		{9F164B41-40E0-4EFA-A7C7-A89C12B4FB39}.Release LibXML|x64.Build.0 = Release|x64
		{8628A8F8-BD50-4463-9EE7-F9118CBA194A}.Debug Expat NoValidation|Win32.ActiveCfg = Debug_Expat_NoValidation|Win32
		{8628A8F8-BD50-4463-9EE7-F9118CBA194A}.Debug Expat NoValidation|Win32.Build.0 = Debug_Expat_NoValidation|Win32
		{8628A8F8-BD50-4463-9EE7-F9118CBA194A}.Debug Expat NoValidation|x64.ActiveCfg = Debug Expat NoValidation|x64
		{8628A8F8-BD50-4463-9EE7-F9118CBA194A}.Debug Expat NoValidation|x64.Build.0 = Debug Expat NoValidation|x64
		{8628A8F8-BD50-4463-9EE7-F9118CBA194A}.Debug Expat|Win32.ActiveCfg = Debug_Expat|Win32
		{8628A8F8-BD50-4463-9EE7-F9118CBA194A}.Debug Expat|Win32.Build.0 = Debug_Expat|Win32
		{8628A8F8-BD50-4463-9EE7-F9118CBA194A}.Debug Expat|x64.ActiveCfg = Debug Expat|x64
		{8628A8F8-BD50-4463-9EE7-F9118CBA194A}.Debug Expat|x64.Build.0 = Debug Expat|x64
		{8628A8F8-BD50-4463-9EE7-F9118CBA194A}.Debug LibXML NoValidation|Win32.ActiveCfg = Debug_LibXML_NoValidation|Win32
		{8628A8F8-BD50-4463-9EE7-F9118CBA194A}.Debug LibXML NoValidation|Win32.Build.0 = Debug_LibXML_NoValidation|Win32
		{8628A8F8-BD50-4463-9EE7-F9118CBA194A}.Debug LibXML NoValidation|x64.ActiveCfg = Debug LibXML NoValidation|x64
		{8628A8F8-BD50-4463-9EE7-F9118CBA194A}.Debug LibXML NoValidation|x64.Build.0 = Debug LibXML NoValidation|x64
		{8628A8F8-BD50-4463-9EE7-F9118CBA194A}.Debug LibXML|Win32.ActiveCfg = Debug_LibXML|Win32
		{8628A8F8-BD50-4463-9EE7-F9118CBA194A}.Debug LibXML|Win32.Build.0 = Debug_LibXML|Win32
		{8628A8F8-BD50-4463-9EE7-F9118CBA194A}.Debug LibXML|x64.ActiveCfg = Debug LibXML|x64
		{8628A8F8-BD50-4463-9EE7-F9118CBA194A}.Debug LibXML|x64.Build.0 = Debug LibXML|x64
		{8628A8F8-BD50-4463-9EE7-F9118CBA194A}.Release Expat NoValidation|Win32.ActiveCfg = Release_Expat_NoValidation|Win32
		{8628A8F8-BD50-4463-9EE7-F9118CBA194A}.Release Expat NoValidation|Win32.Build.0 = Release_Expat_NoValidation|Win32
		{8628A8F8-BD50-4463-9EE7-F9118CBA194A}.Release Expat NoValidation|x64.ActiveCfg = Release Expat NoValidation|x64
		{8628A8F8-BD50-4463-9EE7-F9118CBA194A}.Release Expat NoValidation|x64.Build.0 = Release Expat NoValidation|x64
		{8628A8F8-BD50-4463-9EE7-F9118CBA194A}.Release Expat|Win32.ActiveCfg = Release_Expat|Win32
		{8628A8F8-BD50-4463-9EE7-F9118CBA194A}.Release Expat|Win32.Build.0 = Release_Expat|Win32
		{8628A8F8-BD50-4463-9EE7-F9118CBA194A}.Release Expat|x64.ActiveCfg = Release Expat|x64
		{8628A8F8-BD50-4463-9EE7-F9118CBA194A}.Release Expat|x64.Build.0 = Release Expat|x64
		{8628A8F8-BD50-4463-9EE7-F9118CBA194A}.Release LibXML NoValidation|Win32.ActiveCfg = Release_LibXML_NoValidation|Win32
		{8628A8F8-BD50-4463-9EE7-F9118CBA194A}.Release LibXML NoValidation|Win32.Build.0 = Release_LibXML_NoValidation|Win32
		{8628A8F8-BD50-4463-9EE7-F9118CBA194A}.Release LibXML NoValidation|x64.ActiveCfg = Release LibXML NoValidation|x64
		{8628A8F8-BD50-4463-9EE7-F9118CBA194A}.Release LibXML NoValidation|x64.Build.0 = Release LibXML NoValidation|x64
		{8628A8F8-BD50-4463-9EE7-F9118CBA194A}.Release LibXML|Win32.ActiveCfg = Release_LibXML|Win32
		{8628A8F8-BD50-4463-9EE7-F9118CBA194A}.Release LibXML|Win32.Build.0 = Release_LibXML|Win32
		{8628A8F8-BD50-4463-9EE7-F9118CBA194A}.Release LibXML|x64.ActiveCfg = Release LibXML|x64
		{8628A8F8-BD50-4463-9EE7-F9118CBA194A}.Release LibXML|x64.Build.0 = Release LibXML|x64
		{0B6C3FEA-0065-44D2-A69A-28F810A4F2AF}.Debug Expat NoValidation|Win32.ActiveCfg = Debug_Expat|Win32
		{0B6C3FEA-0065-44D2-A69A-28F810A4F2AF}.Debug Expat NoValidation|Win32.Build.0 = Debug_Expat|Win32
		{0B6C3FEA-0065-44D2-A69A-28F810A4F2AF}.Debug Expat NoValidation|x64.ActiveCfg = Debug Expat|x64
		{0B6C3FEA-0065-44D2-A69A-28F810A4F2AF}.Debug Expat NoValidation|x64.Build.0 = Debug Expat|x64
		{0B6C3FEA-0065-44D2-A69A-28F810A4F2AF}.Debug Expat|Win32.ActiveCfg = Debug_Expat|Win32
		{0B6C3FEA-0065-44D2-A69A-28F810A4F2AF}.Debug Expat|Win32.Build.0 = Debug_Expat|Win32
		{0B6C3FEA-0065-44D2-A69A-28F810A4F2AF}.Debug Expat|x64.ActiveCfg = Debug Expat|x64
		{0B6C3FEA-0065-44D2-A69A-28F810A4F2AF}.Debug Expat|x64.Build.0 = Debug Expat|x64
		{0B6C3FEA-0065-44D2-A69A-28F810A4F2AF}.Debug LibXML NoValidation|Win32.ActiveCfg = Debug_LibXML|Win32
		{0B6C3FEA-0065-44D2-A69A-28F810A4F2AF}.Debug LibXML NoValidation|Win32.Build.0 = Debug_LibXML|Win32
		{0B6C3FEA-0065-44D2-A69A-28F810A4F2AF}.Debug LibXML NoValidation|x64.ActiveCfg = Debug LibXML|x64
		{0B6C3FEA-0065-44D2-A69A-28F810A4F2AF}.Debug LibXML NoValidation|x64.Build.0 = Debug LibXML|x64
		{0B6C3FEA-0065-44D2-A69A-28F810A4F2AF}.Debug LibXML|Win32.ActiveCfg = Debug_LibXML|Win32
		{0B6C3FEA-0065-44D2-A69A-28F810A4F2AF}.Debug LibXML|Win32.Build.0 = Debug_LibXML|Win32
		{0B6C3FEA-0065-44D2-A69A-28F810A4F2AF}.Debug LibXML|x64.ActiveCfg = Debug LibXML|x64
		{0B6C3FEA-0065-44D2-A69A-28F810A4F2AF}.Debug LibXML|x64.Build.0 = Debug LibXML|x64
		{0B6C3FEA-0065-44D2-A69A-28F810A4F2AF}.Release Expat NoValidation|Win32.ActiveCfg = Release_Expat|Win32
		{0B6C3FEA-0065-44D2-A69A-28F810A4F2AF}.Release Expat NoValidation|Win32.Build.0 = Release_Expat|Win32
		{0B6C3FEA-0065-44D2-A69A-28F810A4F2AF}.Release Expat NoValidation|x64.ActiveCfg = Release Expat|x64
		{0B6C3FEA-0065-44D2-A69A-28F810A4F2AF}.Release Expat NoValidation|x64.Build.0 = Release Expat|x64
		{0B6C3FEA-0065-44D2-A69A-28F810A4F2AF}.Release Expat|Win32.ActiveCfg = Release_Expat|Win32
		{0B6C3FEA-0065-44D2-A69A-28F810A4F2AF}.Release Expat|Win32.Build.0 = Release_Expat|Win32
		{0B6C3FEA-0065-44D2-A69A-28F810A4F2AF}.Release Expat|x64.ActiveCfg = Release Expat|x64
		{0B6C3FEA-0065-44D2-A69A-28F810A4F2AF}.Release Expat|x64.Build.0 = Release Expat|x64
		{0B6C3FEA-0065-44D2-A69A-28F810A4F2AF}.Release LibXML NoValidation|Win32.ActiveCfg = Release_LibXML|Win32
		{0B6C3FEA-0065-44D2-A69A-28F810A4F2AF}.Release LibXML NoValidation|Win32.Build.0 = Release_LibXML|Win32
		{0B6C3FEA-0065-44D2-A69A-28F810A4F2AF}.Release LibXML NoValidation|x64.ActiveCfg = Release LibXML|x64
		{0B6C3FEA-0065-44D2-A69A-28F810A4F2AF}.Release LibXML NoValidation|x64.Build.0 = Release LibXML|x64
		{0B6C3FEA-0065-44D2-A69A-28F810A4F2AF}.Release LibXML|Win32.ActiveCfg = Release_LibXML|Win32
		{0B6C3FEA-0065-44D2-A69A-28F810A4F2AF}.Release LibXML|Win32.Build.0 = Release_LibXML|Win32
		{0B6C3FEA-0065-44D2-A69A-28F810A4F2AF}.Release LibXML|x64.ActiveCfg = Release LibXML|x64
		{0B6C3FEA-0065-44D2-A69A-28F810A4F2AF}.Release LibXML|x64.Build.0 = Release LibXML|x64
		{F36A0F1F-D046-4DD9-B231-F3A478443A68}.Debug Expat NoValidation|Win32.ActiveCfg = Debug_lib|Win32
		{F36A0F1F-D046-4DD9-B231-F3A478443A68}.Debug Expat NoValidation|Win32.Build.0 = Debug_lib|Win32
		{F36A0F1F-D046-4DD9-B231-F3A478443A68}.Debug Expat NoValidation|x64.ActiveCfg = Debug performance test|x64
		{F36A0F1F-D046-4DD9-B231-F3A478443A68}.Debug Expat NoValidation|x64.Build.0 = Debug performance test|x64
		{F36A0F1F-D046-4DD9-B231-F3A478443A68}.Debug Expat|Win32.ActiveCfg = Debug_lib|Win32
		{F36A0F1F-D046-4DD9-B231-F3A478443A68}.Debug Expat|Win32.Build.0 = Debug_lib|Win32
		{F36A0F1F-D046-4DD9-B231-F3A478443A68}.Debug Expat|x64.ActiveCfg = Debug performance test|x64
		{F36A0F1F-D046-4DD9-B231-F3A478443A68}.Debug Expat|x64.Build.0 = Debug performance test|x64
		{F36A0F1F-D046-4DD9-B231-F3A478443A68}.Debug LibXML NoValidation|Win32.ActiveCfg = Debug_lib|Win32
		{F36A0F1F-D046-4DD9-B231-F3A478443A68}.Debug LibXML NoValidation|Win32.Build.0 = Debug_lib|Win32
		{F36A0F1F-D046-4DD9-B231-F3A478443A68}.Debug LibXML NoValidation|x64.ActiveCfg = Debug lib|x64
		{F36A0F1F-D046-4DD9-B231-F3A478443A68}.Debug LibXML NoValidation|x64.Build.0 = Debug lib|x64
		{F36A0F1F-D046-4DD9-B231-F3A478443A68}.Debug LibXML|Win32.ActiveCfg = Debug_lib|Win32
		{F36A0F1F-D046-4DD9-B231-F3A478443A68}.Debug LibXML|Win32.Build.0 = Debug_lib|Win32
		{F36A0F1F-D046-4DD9-B231-F3A478443A68}.Debug LibXML|x64.ActiveCfg = Debug lib|x64
		{F36A0F1F-D046-4DD9-B231-F3A478443A68}.Debug LibXML|x64.Build.0 = Debug lib|x64
		{F36A0F1F-D046-4DD9-B231-F3A478443A68}.Release Expat NoValidation|Win32.ActiveCfg = Release_lib|Win32
		{F36A0F1F-D046-4DD9-B231-F3A478443A68}.Release Expat NoValidation|Win32.Build.0 = Release_lib|Win32
		{F36A0F1F-D046-4DD9-B231-F3A478443A68}.Release Expat NoValidation|x64.ActiveCfg = Release performance test|x64
		{F36A0F1F-D046-4DD9-B231-F3A478443A68}.Release Expat NoValidation|x64.Build.0 = Release performance test|x64
		{F36A0F1F-D046-4DD9-B231-F3A478443A68}.Release Expat|Win32.ActiveCfg = Release_lib|Win32
		{F36A0F1F-D046-4DD9-B231-F3A478443A68}.Release Expat|Win32.Build.0 = Release_lib|Win32
		{F36A0F1F-D046-4DD9-B231-F3A478443A68}.Release Expat|x64.ActiveCfg = Release performance test|x64
		{F36A0F1F-D046-4DD9-B231-F3A478443A68}.Release Expat|x64.Build.0 = Release performance test|x64
		{F36A0F1F-D046-4DD9-B231-F3A478443A68}.Release LibXML NoValidation|Win32.ActiveCfg = Release_lib|Win32
		{F36A0F1F-D046-4DD9-B231-F3A478443A68}.Release LibXML NoValidation|Win32.Build.0 = Release_lib|Win32
		{F36A0F1F-D046-4DD9-B231-F3A478443A68}.Release LibXML NoValidation|x64.ActiveCfg = Release lib|x64
		{F36A0F1F-D046-4DD9-B231-F3A478443A68}.Release LibXML NoValidation|x64.Build.0 = Release lib|x64
		{F36A0F1F-D046-4DD9-B231-F3A478443A68}.Release LibXML|Win32.ActiveCfg = Release_lib|Win32
		{F36A0F1F-D046-4DD9-B231-F3A478443A68}.Release LibXML|Win32.Build.0 = Release_lib|Win32
		{F36A0F1F-D046-4DD9-B231-F3A478443A68}.Release LibXML|x64.ActiveCfg = Release lib|x64
		{F36A0F1F-D046-4DD9-B231-F3A478443A68}.Release LibXML|x64.Build.0 = Release lib|x64
		{12BBEF01-C49C-4DE5-B9C9-8E5BD3F4B0AB}.Debug Expat NoValidation|Win32.ActiveCfg = Debug_lib|Win32
		{12BBEF01-C49C-4DE5-B9C9-8E5BD3F4B0AB}.Debug Expat NoValidation|Win32.Build.0 = Debug_lib|Win32
		{12BBEF01-C49C-4DE5-B9C9-8E5BD3F4B0AB}.Debug Expat NoValidation|x64.ActiveCfg = Debug performance test|x64
		{12BBEF01-C49C-4DE5-B9C9-8E5BD3F4B0AB}.Debug Expat NoValidation|x64.Build.0 = Debug performance test|x64
		{12BBEF01-C49C-4DE5-B9C9-8E5BD3F4B0AB}.Debug Expat|Win32.ActiveCfg = Debug_lib|Win32
		{12BBEF01-C49C-4DE5-B9C9-8E5BD3F4B0AB}.Debug Expat|Win32.Build.0 = Debug_lib|Win32
		{12BBEF01-C49C-4DE5-B9C9-8E5BD3F4B0AB}.Debug Expat|x64.ActiveCfg = Debug performance test|x64
		{12BBEF01-C49C-4DE5-B9C9-8E5BD3F4B0AB}.Debug Expat|x64.Build.0 = Debug performance test|x64
		{12BBEF01-C49C-4DE5-B9C9-8E5BD3F4B0AB}.Debug LibXML NoValidation|Win32.ActiveCfg = Debug_lib|Win32
		{12BBEF01-C49C-4DE5-B9C9-8E5BD3F4B0AB}.Debug LibXML NoValidation|Win32.Build.0 = Debug_lib|Win32
		{12BBEF01-C49C-4DE5-B9C9-8E5BD3F4B0AB}.Debug LibXML NoValidation|x64.ActiveCfg = Debug lib|x64
		{12BBEF01-C49C-4DE5-B9C9-8E5BD3F4B0AB}.Debug LibXML NoValidation|x64.Build.0 = Debug lib|x64
		{12BBEF01-C49C-4DE5-B9C9-8E5BD3F4B0AB}.Debug LibXML|Win32.ActiveCfg = Debug_lib|Win32
		{12BBEF01-C49C-4DE5-B9C9-8E5BD3F4B0AB}.Debug LibXML|Win32.Build.0 = Debug_lib|Win32
		{12BBEF01-C49C-4DE5-B9C9-8E5BD3F4B0AB}.Debug LibXML|x64.ActiveCfg = Debug lib|x64
		{12BBEF01-C49C-4DE5-B9C9-8E5BD3F4B0AB}.Debug LibXML|x64.Build.0 = Debug lib|x64
		{12BBEF01-C49C-4DE5-B9C9-8E5BD3F4B0AB}.Release Expat NoValidation|Win32.ActiveCfg = Release_lib|Win32
		{12BBEF01-C49C-4DE5-B9C9-8E5BD3F4B0AB}.Release Expat NoValidation|Win32.Build.0 = Release_lib|Win32
		{12BBEF01-C49C-4DE5-B9C9-8E5BD3F4B0AB}.Release Expat NoValidation|x64.ActiveCfg = Release performance test|x64
		{12BBEF01-C49C-4DE5-B9C9-8E5BD3F4B0AB}.Release Expat NoValidation|x64.Build.0 = Release performance test|x64
		{12BBEF01-C49C-4DE5-B9C9-8E5BD3F4B0AB}.Release Expat|Win32.ActiveCfg = Release_lib|Win32
		{12BBEF01-C49C-4DE5-B9C9-8E5BD3F4B0AB}.Release Expat|Win32.Build.0 = Release_lib|Win32
		{12BBEF01-C49C-4DE5-B9C9-8E5BD3F4B0AB}.Release Expat|x64.ActiveCfg = Release performance test|x64
		{12BBEF01-C49C-4DE5-B9C9-8E5BD3F4B0AB}.Release Expat|x64.Build.0 = Release performance test|x64
		{12BBEF01-C49C-4DE5-B9C9-8E5BD3F4B0AB}.Release LibXML NoValidation|Win32.ActiveCfg = Release_lib|Win32
		{12BBEF01-C49C-4DE5-B9C9-8E5BD3F4B0AB}.Release LibXML NoValidation|Win32.Build.0 = Release_lib|Win32
		{12BBEF01-C49C-4DE5-B9C9-8E5BD3F4B0AB}.Release LibXML NoValidation|x64.ActiveCfg = Release lib|x64
		{12BBEF01-C49C-4DE5-B9C9-8E5BD3F4B0AB}.Release LibXML NoValidation|x64.Build.0 = Release lib|x64
		{12BBEF01-C49C-4DE5-B9C9-8E5BD3F4B0AB}.Release LibXML|Win32.ActiveCfg = Release_lib|Win32
		{12BBEF01-C49C-4DE5-B9C9-8E5BD3F4B0AB}.Release LibXML|Win32.Build.0 = Release_lib|Win32
		{12BBEF01-C49C-4DE5-B9C9-8E5BD3F4B0AB}.Release LibXML|x64.ActiveCfg = Release lib|x64
		{12BBEF01-C49C-4DE5-B9C9-8E5BD3F4B0AB}.Release LibXML|x64.Build.0 = Release lib|x64
		{6E55CA53-AAAB-493D-A2BF-9D40737803FC}.Debug Expat NoValidation|Win32.ActiveCfg = Debug|Win32
		{6E55CA53-AAAB-493D-A2BF-9D40737803FC}.Debug Expat NoValidation|Win32.Build.0 = Debug|Win32
		{6E55CA53-AAAB-493D-A2BF-9D40737803FC}.Debug Expat NoValidation|x64.ActiveCfg = Debug|Win32
		{6E55CA53-AAAB-493D-A2BF-9D40737803FC}.Debug Expat|Win32.ActiveCfg = Debug|Win32
		{6E55CA53-AAAB-493D-A2BF-9D40737803FC}.Debug Expat|Win32.Build.0 = Debug|Win32
		{6E55CA53-AAAB-493D-A2BF-9D40737803FC}.Debug Expat|x64.ActiveCfg = Debug|Win32
		{6E55CA53-AAAB-493D-A2BF-9D40737803FC}.Debug LibXML NoValidation|Win32.ActiveCfg = Debug|Win32
		{6E55CA53-AAAB-493D-A2BF-9D40737803FC}.Debug LibXML NoValidation|Win32.Build.0 = Debug|Win32
		{6E55CA53-AAAB-493D-A2BF-9D40737803FC}.Debug LibXML NoValidation|x64.ActiveCfg = Debug|Win32
		{6E55CA53-AAAB-493D-A2BF-9D40737803FC}.Debug LibXML|Win32.ActiveCfg = Debug|Win32
		{6E55CA53-AAAB-493D-A2BF-9D40737803FC}.Debug LibXML|Win32.Build.0 = Debug|Win32
		{6E55CA53-AAAB-493D-A2BF-9D40737803FC}.Debug LibXML|x64.ActiveCfg = Debug|Win32
		{6E55CA53-AAAB-493D-A2BF-9D40737803FC}.Release Expat NoValidation|Win32.ActiveCfg = Release|Win32
		{6E55CA53-AAAB-493D-A2BF-9D40737803FC}.Release Expat NoValidation|Win32.Build.0 = Release|Win32
		{6E55CA53-AAAB-493D-A2BF-9D40737803FC}.Release Expat NoValidation|x64.ActiveCfg = Release|Win32
		{6E55CA53-AAAB-493D-A2BF-9D40737803FC}.Release Expat|Win32.ActiveCfg = Release|Win32
		{6E55CA53-AAAB-493D-A2BF-9D40737803FC}.Release Expat|Win32.Build.0 = Release|Win32
		{6E55CA53-AAAB-493D-A2BF-9D40737803FC}.Release Expat|x64.ActiveCfg = Release|Win32
		{6E55CA53-AAAB-493D-A2BF-9D40737803FC}.Release LibXML NoValidation|Win32.ActiveCfg = Release|Win32
		{6E55CA53-AAAB-493D-A2BF-9D40737803FC}.Release LibXML NoValidation|Win32.Build.0 = Release|Win32
		{6E55CA53-AAAB-493D-A2BF-9D40737803FC}.Release LibXML NoValidation|x64.ActiveCfg = Release|Win32
		{6E55CA53-AAAB-493D-A2BF-9D40737803FC}.Release LibXML|Win32.ActiveCfg = Release|Win32
		{6E55CA53-AAAB-493D-A2BF-9D40737803FC}.Release LibXML|Win32.Build.0 = Release|Win32
		{6E55CA53-AAAB-493D-A2BF-9D40737803FC}.Release LibXML|x64.ActiveCfg = Release|Win32
	EndGlobalSection
	GlobalSection(SolutionProperties) = preSolution
		HideSolutionNode = FALSE
	EndGlobalSection
EndGlobal
