<?xml version="1.0" encoding="utf-8"?>
<Project ToolsVersion="4.0" xmlns="http://schemas.microsoft.com/developer/msbuild/2003">
  <ItemGroup>
    <Filter Include="Source Files">
      <UniqueIdentifier>{4FC737F1-C7A5-4376-A066-2A32D752A2FF}</UniqueIdentifier>
      <Extensions>cpp;c;cc;cxx;def;odl;idl;hpj;bat;asm;asmx</Extensions>
    </Filter>
    <Filter Include="Header Files">
      <UniqueIdentifier>{93995380-89BD-4b04-88EB-625FBE52EBFB}</UniqueIdentifier>
      <Extensions>h;hpp;hxx;hm;inl;inc;xsd</Extensions>
    </Filter>
  </ItemGroup>
  <ItemGroup>
    <ClCompile Include="..\src\COLLADASWAsset.cpp">
      <Filter>Source Files</Filter>
    </ClCompile>
    <ClCompile Include="..\src\COLLADASWBaseElement.cpp">
      <Filter>Source Files</Filter>
    </ClCompile>
    <ClCompile Include="..\src\COLLADASWBaseInputElement.cpp">
      <Filter>Source Files</Filter>
    </ClCompile>
    <ClCompile Include="..\src\COLLADASWBindMaterial.cpp">
      <Filter>Source Files</Filter>
    </ClCompile>
    <ClCompile Include="..\src\COLLADASWCamera.cpp">
      <Filter>Source Files</Filter>
    </ClCompile>
    <ClCompile Include="..\src\COLLADASWCameraOptic.cpp">
      <Filter>Source Files</Filter>
    </ClCompile>
    <ClCompile Include="..\src\COLLADASWColor.cpp">
      <Filter>Source Files</Filter>
    </ClCompile>
    <ClCompile Include="..\src\COLLADASWConstants.cpp">
      <Filter>Source Files</Filter>
    </ClCompile>
    <ClCompile Include="..\src\COLLADASWControlVertices.cpp">
      <Filter>Source Files</Filter>
    </ClCompile>
    <ClCompile Include="..\src\COLLADASWEffectProfile.cpp">
      <Filter>Source Files</Filter>
    </ClCompile>
    <ClCompile Include="..\src\COLLADASWElementWriter.cpp">
      <Filter>Source Files</Filter>
    </ClCompile>
    <ClCompile Include="..\src\COLLADASWException.cpp">
      <Filter>Source Files</Filter>
    </ClCompile>
    <ClCompile Include="..\src\COLLADASWExtra.cpp">
      <Filter>Source Files</Filter>
    </ClCompile>
    <ClCompile Include="..\src\COLLADASWExtraTechnique.cpp">
      <Filter>Source Files</Filter>
    </ClCompile>
    <ClCompile Include="..\src\COLLADASWFormatHint.cpp">
      <Filter>Source Files</Filter>
    </ClCompile>
    <ClCompile Include="..\src\COLLADASWImage.cpp">
      <Filter>Source Files</Filter>
    </ClCompile>
    <ClCompile Include="..\src\COLLADASWInputList.cpp">
      <Filter>Source Files</Filter>
    </ClCompile>
    <ClCompile Include="..\src\COLLADASWInstanceCamera.cpp">
      <Filter>Source Files</Filter>
    </ClCompile>
    <ClCompile Include="..\src\COLLADASWInstanceController.cpp">
      <Filter>Source Files</Filter>
    </ClCompile>
    <ClCompile Include="..\src\COLLADASWInstanceEffect.cpp">
      <Filter>Source Files</Filter>
    </ClCompile>
    <ClCompile Include="..\src\COLLADASWInstanceGeometry.cpp">
      <Filter>Source Files</Filter>
    </ClCompile>
    <ClCompile Include="..\src\COLLADASWInstanceLight.cpp">
      <Filter>Source Files</Filter>
    </ClCompile>
    <ClCompile Include="..\src\COLLADASWInstanceMaterial.cpp">
      <Filter>Source Files</Filter>
    </ClCompile>
    <ClCompile Include="..\src\COLLADASWInstanceNode.cpp">
      <Filter>Source Files</Filter>
    </ClCompile>
    <ClCompile Include="..\src\COLLADASWLibrary.cpp">
      <Filter>Source Files</Filter>
    </ClCompile>
    <ClCompile Include="..\src\COLLADASWLibraryAnimationClips.cpp">
      <Filter>Source Files</Filter>
    </ClCompile>
    <ClCompile Include="..\src\COLLADASWLibraryAnimations.cpp">
      <Filter>Source Files</Filter>
    </ClCompile>
    <ClCompile Include="..\src\COLLADASWLibraryCameras.cpp">
      <Filter>Source Files</Filter>
    </ClCompile>
    <ClCompile Include="..\src\COLLADASWLibraryControllers.cpp">
      <Filter>Source Files</Filter>
    </ClCompile>
    <ClCompile Include="..\src\COLLADASWLibraryEffects.cpp">
      <Filter>Source Files</Filter>
    </ClCompile>
    <ClCompile Include="..\src\COLLADASWLibraryGeometries.cpp">
      <Filter>Source Files</Filter>
    </ClCompile>
    <ClCompile Include="..\src\COLLADASWLibraryImages.cpp">
      <Filter>Source Files</Filter>
    </ClCompile>
    <ClCompile Include="..\src\COLLADASWLibraryLights.cpp">
      <Filter>Source Files</Filter>
    </ClCompile>
    <ClCompile Include="..\src\COLLADASWLibraryMaterials.cpp">
      <Filter>Source Files</Filter>
    </ClCompile>
    <ClCompile Include="..\src\COLLADASWLibraryNodes.cpp">
      <Filter>Source Files</Filter>
    </ClCompile>
    <ClCompile Include="..\src\COLLADASWLibraryVisualScenes.cpp">
      <Filter>Source Files</Filter>
    </ClCompile>
    <ClCompile Include="..\src\COLLADASWLight.cpp">
      <Filter>Source Files</Filter>
    </ClCompile>
    <ClCompile Include="..\src\COLLADASWNode.cpp">
      <Filter>Source Files</Filter>
    </ClCompile>
    <ClCompile Include="..\src\COLLADASWParamBase.cpp">
      <Filter>Source Files</Filter>
    </ClCompile>
    <ClCompile Include="..\src\COLLADASWPass.cpp">
      <Filter>Source Files</Filter>
    </ClCompile>
    <ClCompile Include="..\src\COLLADASWPrimitves.cpp">
      <Filter>Source Files</Filter>
    </ClCompile>
    <ClCompile Include="..\src\COLLADASWRenderState.cpp">
      <Filter>Source Files</Filter>
    </ClCompile>
    <ClCompile Include="..\src\COLLADASWSampler.cpp">
      <Filter>Source Files</Filter>
    </ClCompile>
    <ClCompile Include="..\src\COLLADASWScene.cpp">
      <Filter>Source Files</Filter>
    </ClCompile>
    <ClCompile Include="..\src\COLLADASWShader.cpp">
      <Filter>Source Files</Filter>
    </ClCompile>
    <ClCompile Include="..\src\COLLADASWSource.cpp">
      <Filter>Source Files</Filter>
    </ClCompile>
    <ClCompile Include="..\src\COLLADASWStreamWriter.cpp">
      <Filter>Source Files</Filter>
    </ClCompile>
    <ClCompile Include="..\src\COLLADASWSurfaceInitOption.cpp">
      <Filter>Source Files</Filter>
    </ClCompile>
    <ClCompile Include="..\src\COLLADASWTechnique.cpp">
      <Filter>Source Files</Filter>
    </ClCompile>
    <ClCompile Include="..\src\COLLADASWTechniqueFX.cpp">
      <Filter>Source Files</Filter>
    </ClCompile>
    <ClCompile Include="..\src\COLLADASWTexture.cpp">
      <Filter>Source Files</Filter>
    </ClCompile>
    <ClCompile Include="..\src\COLLADASWVertices.cpp">
      <Filter>Source Files</Filter>
    </ClCompile>
    <ClCompile Include="..\src\COLLADASWLibraryPhysicsModels.cpp">
      <Filter>Source Files</Filter>
    </ClCompile>
    <ClCompile Include="..\src\COLLADASWLibraryPhysicsScenes.cpp">
      <Filter>Source Files</Filter>
    </ClCompile>
    <ClCompile Include="..\src\COLLADASWInstanceRigidBody.cpp">
      <Filter>Source Files</Filter>
    </ClCompile>
    <ClCompile Include="..\src\COLLADASWInstancePhysicsModel.cpp">
      <Filter>Source Files</Filter>
    </ClCompile>
  </ItemGroup>
  <ItemGroup>
    <ClInclude Include="..\include\COLLADASWAnnotation.h">
      <Filter>Header Files</Filter>
    </ClInclude>
    <ClInclude Include="..\include\COLLADASWAsset.h">
      <Filter>Header Files</Filter>
    </ClInclude>
    <ClInclude Include="..\include\COLLADASWBaseElement.h">
      <Filter>Header Files</Filter>
    </ClInclude>
    <ClInclude Include="..\include\COLLADASWBaseInputElement.h">
      <Filter>Header Files</Filter>
    </ClInclude>
    <ClInclude Include="..\include\COLLADASWBindMaterial.h">
      <Filter>Header Files</Filter>
    </ClInclude>
    <ClInclude Include="..\include\COLLADASWCamera.h">
      <Filter>Header Files</Filter>
    </ClInclude>
    <ClInclude Include="..\include\COLLADASWCameraOptic.h">
      <Filter>Header Files</Filter>
    </ClInclude>
    <ClInclude Include="..\include\COLLADASWCode.h">
      <Filter>Header Files</Filter>
    </ClInclude>
    <ClInclude Include="..\include\COLLADASWColor.h">
      <Filter>Header Files</Filter>
    </ClInclude>
    <ClInclude Include="..\include\COLLADASWColorOrTexture.h">
      <Filter>Header Files</Filter>
    </ClInclude>
    <ClInclude Include="..\include\COLLADASWConstants.h">
      <Filter>Header Files</Filter>
    </ClInclude>
    <ClInclude Include="..\include\COLLADASWControlVertices.h">
      <Filter>Header Files</Filter>
    </ClInclude>
    <ClInclude Include="..\include\COLLADASWEffectProfile.h">
      <Filter>Header Files</Filter>
    </ClInclude>
    <ClInclude Include="..\include\COLLADASWElementWriter.h">
      <Filter>Header Files</Filter>
    </ClInclude>
    <ClInclude Include="..\include\COLLADASWException.h">
      <Filter>Header Files</Filter>
    </ClInclude>
    <ClInclude Include="..\include\COLLADASWExtra.h">
      <Filter>Header Files</Filter>
    </ClInclude>
    <ClInclude Include="..\include\COLLADASWExtraTechnique.h">
      <Filter>Header Files</Filter>
    </ClInclude>
    <ClInclude Include="..\include\COLLADASWFormatHint.h">
      <Filter>Header Files</Filter>
    </ClInclude>
    <ClInclude Include="..\include\COLLADASWImage.h">
      <Filter>Header Files</Filter>
    </ClInclude>
    <ClInclude Include="..\include\COLLADASWInclude.h">
      <Filter>Header Files</Filter>
    </ClInclude>
    <ClInclude Include="..\include\COLLADASWInputList.h">
      <Filter>Header Files</Filter>
    </ClInclude>
    <ClInclude Include="..\include\COLLADASWInstanceCamera.h">
      <Filter>Header Files</Filter>
    </ClInclude>
    <ClInclude Include="..\include\COLLADASWInstanceController.h">
      <Filter>Header Files</Filter>
    </ClInclude>
    <ClInclude Include="..\include\COLLADASWInstanceEffect.h">
      <Filter>Header Files</Filter>
    </ClInclude>
    <ClInclude Include="..\include\COLLADASWInstanceGeometry.h">
      <Filter>Header Files</Filter>
    </ClInclude>
    <ClInclude Include="..\include\COLLADASWInstanceLight.h">
      <Filter>Header Files</Filter>
    </ClInclude>
    <ClInclude Include="..\include\COLLADASWInstanceMaterial.h">
      <Filter>Header Files</Filter>
    </ClInclude>
    <ClInclude Include="..\include\COLLADASWInstanceNode.h">
      <Filter>Header Files</Filter>
    </ClInclude>
    <ClInclude Include="..\include\COLLADASWLibrary.h">
      <Filter>Header Files</Filter>
    </ClInclude>
    <ClInclude Include="..\include\COLLADASWLibraryAnimationClips.h">
      <Filter>Header Files</Filter>
    </ClInclude>
    <ClInclude Include="..\include\COLLADASWLibraryAnimations.h">
      <Filter>Header Files</Filter>
    </ClInclude>
    <ClInclude Include="..\include\COLLADASWLibraryCameras.h">
      <Filter>Header Files</Filter>
    </ClInclude>
    <ClInclude Include="..\include\COLLADASWLibraryControllers.h">
      <Filter>Header Files</Filter>
    </ClInclude>
    <ClInclude Include="..\include\COLLADASWLibraryEffects.h">
      <Filter>Header Files</Filter>
    </ClInclude>
    <ClInclude Include="..\include\COLLADASWLibraryGeometries.h">
      <Filter>Header Files</Filter>
    </ClInclude>
    <ClInclude Include="..\include\COLLADASWLibraryImages.h">
      <Filter>Header Files</Filter>
    </ClInclude>
    <ClInclude Include="..\include\COLLADASWLibraryLights.h">
      <Filter>Header Files</Filter>
    </ClInclude>
    <ClInclude Include="..\include\COLLADASWLibraryMaterials.h">
      <Filter>Header Files</Filter>
    </ClInclude>
    <ClInclude Include="..\include\COLLADASWLibraryNodes.h">
      <Filter>Header Files</Filter>
    </ClInclude>
    <ClInclude Include="..\include\COLLADASWLibraryVisualScenes.h">
      <Filter>Header Files</Filter>
    </ClInclude>
    <ClInclude Include="..\include\COLLADASWLight.h">
      <Filter>Header Files</Filter>
    </ClInclude>
    <ClInclude Include="..\include\COLLADASWNode.h">
      <Filter>Header Files</Filter>
    </ClInclude>
    <ClInclude Include="..\include\COLLADASWOpenGLConstants.h">
      <Filter>Header Files</Filter>
    </ClInclude>
    <ClInclude Include="..\include\COLLADASWParamBase.h">
      <Filter>Header Files</Filter>
    </ClInclude>
    <ClInclude Include="..\include\COLLADASWParamTemplate.h">
      <Filter>Header Files</Filter>
    </ClInclude>
    <ClInclude Include="..\include\COLLADASWPass.h">
      <Filter>Header Files</Filter>
    </ClInclude>
    <ClInclude Include="..\include\COLLADASWPlatform.h">
      <Filter>Header Files</Filter>
    </ClInclude>
    <ClInclude Include="..\include\COLLADASWPrerequisites.h">
      <Filter>Header Files</Filter>
    </ClInclude>
    <ClInclude Include="..\include\COLLADASWPrimitves.h">
      <Filter>Header Files</Filter>
    </ClInclude>
    <ClInclude Include="..\include\COLLADASWRenderState.h">
      <Filter>Header Files</Filter>
    </ClInclude>
    <ClInclude Include="..\include\COLLADASWRenderStateStatic.h">
      <Filter>Header Files</Filter>
    </ClInclude>
    <ClInclude Include="..\include\COLLADASWSampler.h">
      <Filter>Header Files</Filter>
    </ClInclude>
    <ClInclude Include="..\include\COLLADASWScene.h">
      <Filter>Header Files</Filter>
    </ClInclude>
    <ClInclude Include="..\include\COLLADASWShader.h">
      <Filter>Header Files</Filter>
    </ClInclude>
    <ClInclude Include="..\include\COLLADASWSource.h">
      <Filter>Header Files</Filter>
    </ClInclude>
    <ClInclude Include="..\include\COLLADASWStreamWriter.h">
      <Filter>Header Files</Filter>
    </ClInclude>
    <ClInclude Include="..\include\COLLADASWSurfaceInitOption.h">
      <Filter>Header Files</Filter>
    </ClInclude>
    <ClInclude Include="..\include\COLLADASWTechnique.h">
      <Filter>Header Files</Filter>
    </ClInclude>
    <ClInclude Include="..\include\COLLADASWTechniqueFX.h">
      <Filter>Header Files</Filter>
    </ClInclude>
    <ClInclude Include="..\include\COLLADASWTexture.h">
      <Filter>Header Files</Filter>
    </ClInclude>
    <ClInclude Include="..\include\COLLADASWValueType.h">
      <Filter>Header Files</Filter>
    </ClInclude>
    <ClInclude Include="..\include\COLLADASWVertices.h">
      <Filter>Header Files</Filter>
    </ClInclude>
    <ClInclude Include="..\include\COLLADASWLibraryPhysicsModels.h">
      <Filter>Header Files</Filter>
    </ClInclude>
    <ClInclude Include="..\include\COLLADASWLibraryPhysicsScenes.h">
      <Filter>Header Files</Filter>
    </ClInclude>
    <ClInclude Include="..\include\COLLADASWInstanceRigidBody.h">
      <Filter>Header Files</Filter>
    </ClInclude>
    <ClInclude Include="..\include\COLLADASWInstancePhysicsModel.h">
      <Filter>Header Files</Filter>
    </ClInclude>
  </ItemGroup>
</Project>