<?xml version="1.0" encoding="utf-8"?>
<Project ToolsVersion="4.0" xmlns="http://schemas.microsoft.com/developer/msbuild/2003">
  <ItemGroup>
    <Filter Include="Source Files">
      <UniqueIdentifier>{4FC737F1-C7A5-4376-A066-2A32D752A2FF}</UniqueIdentifier>
      <Extensions>cpp;c;cxx;def;odl;idl;hpj;bat;asm;asmx</Extensions>
    </Filter>
    <Filter Include="Source Files\kinematics">
      <UniqueIdentifier>{2fad5d8a-fc94-469c-9cde-cedbeea29592}</UniqueIdentifier>
    </Filter>
    <Filter Include="Header Files">
      <UniqueIdentifier>{93995380-89BD-4b04-88EB-625FBE52EBFB}</UniqueIdentifier>
      <Extensions>h;hpp;hxx;hm;inl;inc;xsd</Extensions>
    </Filter>
    <Filter Include="Header Files\kinematics">
      <UniqueIdentifier>{d3df150c-3407-4701-97c2-16170dd41201}</UniqueIdentifier>
    </Filter>
  </ItemGroup>
  <ItemGroup>
    <ClCompile Include="..\src\COLLADAFWAnimationClip.cpp">
      <Filter>Source Files</Filter>
    </ClCompile>
    <ClCompile Include="..\src\COLLADAFWCamera.cpp">
      <Filter>Source Files</Filter>
    </ClCompile>
    <ClCompile Include="..\src\COLLADAFWColor.cpp">
      <Filter>Source Files</Filter>
    </ClCompile>
    <ClCompile Include="..\src\COLLADAFWConstants.cpp">
      <Filter>Source Files</Filter>
    </ClCompile>
    <ClCompile Include="..\src\COLLADAFWEffect.cpp">
      <Filter>Source Files</Filter>
    </ClCompile>
    <ClCompile Include="..\src\COLLADAFWEffectCommon.cpp">
      <Filter>Source Files</Filter>
    </ClCompile>
    <ClCompile Include="..\src\COLLADAFWFileInfo.cpp">
      <Filter>Source Files</Filter>
    </ClCompile>
    <ClCompile Include="..\src\COLLADAFWFloatOrDoubleArray.cpp">
      <Filter>Source Files</Filter>
    </ClCompile>
    <ClCompile Include="..\src\COLLADAFWFormula.cpp">
      <Filter>Source Files</Filter>
    </ClCompile>
    <ClCompile Include="..\src\COLLADAFWFormulas.cpp">
      <Filter>Source Files</Filter>
    </ClCompile>
    <ClCompile Include="..\src\COLLADAFWGeometry.cpp">
      <Filter>Source Files</Filter>
    </ClCompile>
    <ClCompile Include="..\src\COLLADAFWImage.cpp">
      <Filter>Source Files</Filter>
    </ClCompile>
    <ClCompile Include="..\src\COLLADAFWLight.cpp">
      <Filter>Source Files</Filter>
    </ClCompile>
    <ClCompile Include="..\src\COLLADAFWLoaderUtils.cpp">
      <Filter>Source Files</Filter>
    </ClCompile>
    <ClCompile Include="..\src\COLLADAFWMaterial.cpp">
      <Filter>Source Files</Filter>
    </ClCompile>
    <ClCompile Include="..\src\COLLADAFWMatrix.cpp">
      <Filter>Source Files</Filter>
    </ClCompile>
    <ClCompile Include="..\src\COLLADAFWMesh.cpp">
      <Filter>Source Files</Filter>
    </ClCompile>
    <ClCompile Include="..\src\COLLADAFWMeshPrimitive.cpp">
      <Filter>Source Files</Filter>
    </ClCompile>
    <ClCompile Include="..\src\COLLADAFWMorphController.cpp">
      <Filter>Source Files</Filter>
    </ClCompile>
    <ClCompile Include="..\src\COLLADAFWNode.cpp">
      <Filter>Source Files</Filter>
    </ClCompile>
    <ClCompile Include="..\src\COLLADAFWPrecompiledHeaders.cpp">
      <Filter>Source Files</Filter>
    </ClCompile>
    <ClCompile Include="..\src\COLLADAFWRenderState.cpp">
      <Filter>Source Files</Filter>
    </ClCompile>
    <ClCompile Include="..\src\COLLADAFWRoot.cpp">
      <Filter>Source Files</Filter>
    </ClCompile>
    <ClCompile Include="..\src\COLLADAFWRotate.cpp">
      <Filter>Source Files</Filter>
    </ClCompile>
    <ClCompile Include="..\src\COLLADAFWSampler.cpp">
      <Filter>Source Files</Filter>
    </ClCompile>
    <ClCompile Include="..\src\COLLADAFWScale.cpp">
      <Filter>Source Files</Filter>
    </ClCompile>
    <ClCompile Include="..\src\COLLADAFWSkinController.cpp">
      <Filter>Source Files</Filter>
    </ClCompile>
    <ClCompile Include="..\src\COLLADAFWSkinControllerData.cpp">
      <Filter>Source Files</Filter>
    </ClCompile>
    <ClCompile Include="..\src\COLLADAFWSpline.cpp">
      <Filter>Source Files</Filter>
    </ClCompile>
    <ClCompile Include="..\src\COLLADAFWTexture.cpp">
      <Filter>Source Files</Filter>
    </ClCompile>
    <ClCompile Include="..\src\COLLADAFWTransformation.cpp">
      <Filter>Source Files</Filter>
    </ClCompile>
    <ClCompile Include="..\src\COLLADAFWTranslate.cpp">
      <Filter>Source Files</Filter>
    </ClCompile>
    <ClCompile Include="..\src\COLLADAFWUniqueId.cpp">
      <Filter>Source Files</Filter>
    </ClCompile>
    <ClCompile Include="..\src\COLLADAFWValidate.cpp">
      <Filter>Source Files</Filter>
    </ClCompile>
    <ClCompile Include="..\src\COLLADAFWVisualScene.cpp">
      <Filter>Source Files</Filter>
    </ClCompile>
    <ClCompile Include="..\src\COLLADAFWAxisInfo.cpp">
      <Filter>Source Files\kinematics</Filter>
    </ClCompile>
    <ClCompile Include="..\src\COLLADAFWInstanceKinematicsScene.cpp">
      <Filter>Source Files\kinematics</Filter>
    </ClCompile>
    <ClCompile Include="..\src\COLLADAFWKinematicsController.cpp">
      <Filter>Source Files\kinematics</Filter>
    </ClCompile>
    <ClCompile Include="..\src\COLLADAFWKinematicsModel.cpp">
      <Filter>Source Files\kinematics</Filter>
    </ClCompile>
    <ClCompile Include="..\src\COLLADAFWKinematicsScene.cpp">
      <Filter>Source Files\kinematics</Filter>
    </ClCompile>
  </ItemGroup>
  <ItemGroup>
    <ClInclude Include="..\include\COLLADAFW.h">
      <Filter>Header Files</Filter>
    </ClInclude>
    <ClInclude Include="..\include\COLLADAFWAnimatable.h">
      <Filter>Header Files</Filter>
    </ClInclude>
    <ClInclude Include="..\include\COLLADAFWAnimatableFloat.h">
      <Filter>Header Files</Filter>
    </ClInclude>
    <ClInclude Include="..\include\COLLADAFWAnimation.h">
      <Filter>Header Files</Filter>
    </ClInclude>
    <ClInclude Include="..\include\COLLADAFWAnimationClip.h">
      <Filter>Header Files</Filter>
    </ClInclude>
    <ClInclude Include="..\include\COLLADAFWAnimationCurve.h">
      <Filter>Header Files</Filter>
    </ClInclude>
    <ClInclude Include="..\include\COLLADAFWAnimationList.h">
      <Filter>Header Files</Filter>
    </ClInclude>
    <ClInclude Include="..\include\COLLADAFWAnnotate.h">
      <Filter>Header Files</Filter>
    </ClInclude>
    <ClInclude Include="..\include\COLLADAFWArray.h">
      <Filter>Header Files</Filter>
    </ClInclude>
    <ClInclude Include="..\include\COLLADAFWArrayPrimitiveType.h">
      <Filter>Header Files</Filter>
    </ClInclude>
    <ClInclude Include="..\include\COLLADAFWCamera.h">
      <Filter>Header Files</Filter>
    </ClInclude>
    <ClInclude Include="..\include\COLLADAFWCode.h">
      <Filter>Header Files</Filter>
    </ClInclude>
    <ClInclude Include="..\include\COLLADAFWColor.h">
      <Filter>Header Files</Filter>
    </ClInclude>
    <ClInclude Include="..\include\COLLADAFWColorOrTexture.h">
      <Filter>Header Files</Filter>
    </ClInclude>
    <ClInclude Include="..\include\COLLADAFWConstants.h">
      <Filter>Header Files</Filter>
    </ClInclude>
    <ClInclude Include="..\include\COLLADAFWController.h">
      <Filter>Header Files</Filter>
    </ClInclude>
    <ClInclude Include="..\include\COLLADAFWEdge.h">
      <Filter>Header Files</Filter>
    </ClInclude>
    <ClInclude Include="..\include\COLLADAFWEffect.h">
      <Filter>Header Files</Filter>
    </ClInclude>
    <ClInclude Include="..\include\COLLADAFWEffectCommon.h">
      <Filter>Header Files</Filter>
    </ClInclude>
    <ClInclude Include="..\include\COLLADAFWException.h">
      <Filter>Header Files</Filter>
    </ClInclude>
    <ClInclude Include="..\include\COLLADAFWFileInfo.h">
      <Filter>Header Files</Filter>
    </ClInclude>
    <ClInclude Include="..\include\COLLADAFWFloatOrDoubleArray.h">
      <Filter>Header Files</Filter>
    </ClInclude>
    <ClInclude Include="..\include\COLLADAFWFormula.h">
      <Filter>Header Files</Filter>
    </ClInclude>
    <ClInclude Include="..\include\COLLADAFWFormulas.h">
      <Filter>Header Files</Filter>
    </ClInclude>
    <ClInclude Include="..\include\COLLADAFWGeometry.h">
      <Filter>Header Files</Filter>
    </ClInclude>
    <ClInclude Include="..\include\COLLADAFWHashFunctions.h">
      <Filter>Header Files</Filter>
    </ClInclude>
    <ClInclude Include="..\include\COLLADAFWILoader.h">
      <Filter>Header Files</Filter>
    </ClInclude>
    <ClInclude Include="..\include\COLLADAFWImage.h">
      <Filter>Header Files</Filter>
    </ClInclude>
    <ClInclude Include="..\include\COLLADAFWImageSource.h">
      <Filter>Header Files</Filter>
    </ClInclude>
    <ClInclude Include="..\include\COLLADAFWInclude.h">
      <Filter>Header Files</Filter>
    </ClInclude>
    <ClInclude Include="..\include\COLLADAFWIndexList.h">
      <Filter>Header Files</Filter>
    </ClInclude>
    <ClInclude Include="..\include\COLLADAFWInstanceBase.h">
      <Filter>Header Files</Filter>
    </ClInclude>
    <ClInclude Include="..\include\COLLADAFWInstanceBindingBase.h">
      <Filter>Header Files</Filter>
    </ClInclude>
    <ClInclude Include="..\include\COLLADAFWInstanceCamera.h">
      <Filter>Header Files</Filter>
    </ClInclude>
    <ClInclude Include="..\include\COLLADAFWInstanceController.h">
      <Filter>Header Files</Filter>
    </ClInclude>
    <ClInclude Include="..\include\COLLADAFWInstanceGeometry.h">
      <Filter>Header Files</Filter>
    </ClInclude>
    <ClInclude Include="..\include\COLLADAFWInstanceLight.h">
      <Filter>Header Files</Filter>
    </ClInclude>
    <ClInclude Include="..\include\COLLADAFWInstanceNode.h">
      <Filter>Header Files</Filter>
    </ClInclude>
    <ClInclude Include="..\include\COLLADAFWInstanceSceneGraph.h">
      <Filter>Header Files</Filter>
    </ClInclude>
    <ClInclude Include="..\include\COLLADAFWInstanceVisualScene.h">
      <Filter>Header Files</Filter>
    </ClInclude>
    <ClInclude Include="..\include\COLLADAFWIWriter.h">
      <Filter>Header Files</Filter>
    </ClInclude>
    <ClInclude Include="..\include\COLLADAFWLibraryNodes.h">
      <Filter>Header Files</Filter>
    </ClInclude>
    <ClInclude Include="..\include\COLLADAFWLight.h">
      <Filter>Header Files</Filter>
    </ClInclude>
    <ClInclude Include="..\include\COLLADAFWLines.h">
      <Filter>Header Files</Filter>
    </ClInclude>
    <ClInclude Include="..\include\COLLADAFWLinestrips.h">
      <Filter>Header Files</Filter>
    </ClInclude>
    <ClInclude Include="..\include\COLLADAFWLoaderUtils.h">
      <Filter>Header Files</Filter>
    </ClInclude>
    <ClInclude Include="..\include\COLLADAFWLookat.h">
      <Filter>Header Files</Filter>
    </ClInclude>
    <ClInclude Include="..\include\COLLADAFWMaterial.h">
      <Filter>Header Files</Filter>
    </ClInclude>
    <ClInclude Include="..\include\COLLADAFWMaterialBinding.h">
      <Filter>Header Files</Filter>
    </ClInclude>
    <ClInclude Include="..\include\COLLADAFWMatrix.h">
      <Filter>Header Files</Filter>
    </ClInclude>
    <ClInclude Include="..\include\COLLADAFWMesh.h">
      <Filter>Header Files</Filter>
    </ClInclude>
    <ClInclude Include="..\include\COLLADAFWMeshPrimitive.h">
      <Filter>Header Files</Filter>
    </ClInclude>
    <ClInclude Include="..\include\COLLADAFWMeshPrimitiveWithFaceVertexCount.h">
      <Filter>Header Files</Filter>
    </ClInclude>
    <ClInclude Include="..\include\COLLADAFWMeshVertexData.h">
      <Filter>Header Files</Filter>
    </ClInclude>
    <ClInclude Include="..\include\COLLADAFWModifier.h">
      <Filter>Header Files</Filter>
    </ClInclude>
    <ClInclude Include="..\include\COLLADAFWMorphController.h">
      <Filter>Header Files</Filter>
    </ClInclude>
    <ClInclude Include="..\include\COLLADAFWNewParam.h">
      <Filter>Header Files</Filter>
    </ClInclude>
    <ClInclude Include="..\include\COLLADAFWNode.h">
      <Filter>Header Files</Filter>
    </ClInclude>
    <ClInclude Include="..\include\COLLADAFWObject.h">
      <Filter>Header Files</Filter>
    </ClInclude>
    <ClInclude Include="..\include\COLLADAFWParam.h">
      <Filter>Header Files</Filter>
    </ClInclude>
    <ClInclude Include="..\include\COLLADAFWPass.h">
      <Filter>Header Files</Filter>
    </ClInclude>
    <ClInclude Include="..\include\COLLADAFWPassClear.h">
      <Filter>Header Files</Filter>
    </ClInclude>
    <ClInclude Include="..\include\COLLADAFWPassOutput.h">
      <Filter>Header Files</Filter>
    </ClInclude>
    <ClInclude Include="..\include\COLLADAFWPassTarget.h">
      <Filter>Header Files</Filter>
    </ClInclude>
    <ClInclude Include="..\include\COLLADAFWPointerArray.h">
      <Filter>Header Files</Filter>
    </ClInclude>
    <ClInclude Include="..\include\COLLADAFWPolygons.h">
      <Filter>Header Files</Filter>
    </ClInclude>
    <ClInclude Include="..\include\COLLADAFWPolylist.h">
      <Filter>Header Files</Filter>
    </ClInclude>
    <ClInclude Include="..\include\COLLADAFWPrerequisites.h">
      <Filter>Header Files</Filter>
    </ClInclude>
    <ClInclude Include="..\include\COLLADAFWRenderDraw.h">
      <Filter>Header Files</Filter>
    </ClInclude>
    <ClInclude Include="..\include\COLLADAFWRenderState.h">
      <Filter>Header Files</Filter>
    </ClInclude>
    <ClInclude Include="..\include\COLLADAFWRenderStateStatic.h">
      <Filter>Header Files</Filter>
    </ClInclude>
    <ClInclude Include="..\include\COLLADAFWRoot.h">
      <Filter>Header Files</Filter>
    </ClInclude>
    <ClInclude Include="..\include\COLLADAFWRotate.h">
      <Filter>Header Files</Filter>
    </ClInclude>
    <ClInclude Include="..\include\COLLADAFWSampler.h">
      <Filter>Header Files</Filter>
    </ClInclude>
    <ClInclude Include="..\include\COLLADAFWScale.h">
      <Filter>Header Files</Filter>
    </ClInclude>
    <ClInclude Include="..\include\COLLADAFWScene.h">
      <Filter>Header Files</Filter>
    </ClInclude>
    <ClInclude Include="..\include\COLLADAFWSemantic.h">
      <Filter>Header Files</Filter>
    </ClInclude>
    <ClInclude Include="..\include\COLLADAFWSetParam.h">
      <Filter>Header Files</Filter>
    </ClInclude>
    <ClInclude Include="..\include\COLLADAFWShader.h">
      <Filter>Header Files</Filter>
    </ClInclude>
    <ClInclude Include="..\include\COLLADAFWShaderBlinn.h">
      <Filter>Header Files</Filter>
    </ClInclude>
    <ClInclude Include="..\include\COLLADAFWShaderConstantFX.h">
      <Filter>Header Files</Filter>
    </ClInclude>
    <ClInclude Include="..\include\COLLADAFWShaderElement.h">
      <Filter>Header Files</Filter>
    </ClInclude>
    <ClInclude Include="..\include\COLLADAFWShaderLambert.h">
      <Filter>Header Files</Filter>
    </ClInclude>
    <ClInclude Include="..\include\COLLADAFWShaderPhong.h">
      <Filter>Header Files</Filter>
    </ClInclude>
    <ClInclude Include="..\include\COLLADAFWSkew.h">
      <Filter>Header Files</Filter>
    </ClInclude>
    <ClInclude Include="..\include\COLLADAFWSkinController.h">
      <Filter>Header Files</Filter>
    </ClInclude>
    <ClInclude Include="..\include\COLLADAFWSkinControllerData.h">
      <Filter>Header Files</Filter>
    </ClInclude>
    <ClInclude Include="..\include\COLLADAFWStableHeaders.h">
      <Filter>Header Files</Filter>
    </ClInclude>
    <ClInclude Include="..\include\COLLADAFWTargetableValue.h">
      <Filter>Header Files</Filter>
    </ClInclude>
    <ClInclude Include="..\include\COLLADAFWTechnique.h">
      <Filter>Header Files</Filter>
    </ClInclude>
    <ClInclude Include="..\include\COLLADAFWTexture.h">
      <Filter>Header Files</Filter>
    </ClInclude>
    <ClInclude Include="..\include\COLLADAFWTextureCoordinateBinding.h">
      <Filter>Header Files</Filter>
    </ClInclude>
    <ClInclude Include="..\include\COLLADAFWTransformation.h">
      <Filter>Header Files</Filter>
    </ClInclude>
    <ClInclude Include="..\include\COLLADAFWTranslate.h">
      <Filter>Header Files</Filter>
    </ClInclude>
    <ClInclude Include="..\include\COLLADAFWTriangles.h">
      <Filter>Header Files</Filter>
    </ClInclude>
    <ClInclude Include="..\include\COLLADAFWTrifans.h">
      <Filter>Header Files</Filter>
    </ClInclude>
    <ClInclude Include="..\include\COLLADAFWTristrips.h">
      <Filter>Header Files</Filter>
    </ClInclude>
    <ClInclude Include="..\include\COLLADAFWTypes.h">
      <Filter>Header Files</Filter>
    </ClInclude>
    <ClInclude Include="..\include\COLLADAFWUniqueId.h">
      <Filter>Header Files</Filter>
    </ClInclude>
    <ClInclude Include="..\include\COLLADAFWValidate.h">
      <Filter>Header Files</Filter>
    </ClInclude>
    <ClInclude Include="..\include\COLLADAFWValueType.h">
      <Filter>Header Files</Filter>
    </ClInclude>
    <ClInclude Include="..\include\COLLADAFWVisualScene.h">
      <Filter>Header Files</Filter>
    </ClInclude>
    <ClInclude Include="..\include\COLLADAFWAxisInfo.h">
      <Filter>Header Files\kinematics</Filter>
    </ClInclude>
    <ClInclude Include="..\include\COLLADAFWFormulaNewParam.h">
      <Filter>Header Files\kinematics</Filter>
    </ClInclude>
    <ClInclude Include="..\include\COLLADAFWInstanceKinematicsScene.h">
      <Filter>Header Files\kinematics</Filter>
    </ClInclude>
    <ClInclude Include="..\include\COLLADAFWJoint.h">
      <Filter>Header Files\kinematics</Filter>
    </ClInclude>
    <ClInclude Include="..\include\COLLADAFWJointPrimitive.h">
      <Filter>Header Files\kinematics</Filter>
    </ClInclude>
    <ClInclude Include="..\include\COLLADAFWKinematicsController.h">
      <Filter>Header Files\kinematics</Filter>
    </ClInclude>
    <ClInclude Include="..\include\COLLADAFWKinematicsModel.h">
      <Filter>Header Files\kinematics</Filter>
    </ClInclude>
    <ClInclude Include="..\include\COLLADAFWKinematicsScene.h">
      <Filter>Header Files\kinematics</Filter>
    </ClInclude>
    <ClInclude Include="..\include\COLLADAFWMotionProfile.h">
      <Filter>Header Files\kinematics</Filter>
    </ClInclude>
    <ClInclude Include="..\include\COLLADAFWTarget.h">
      <Filter>Header Files\kinematics</Filter>
    </ClInclude>
  </ItemGroup>
  <ItemGroup>
    <CustomBuild Include="..\include\COLLADAFWFloatOrParam.h">
      <Filter>Header Files</Filter>
    </CustomBuild>
  </ItemGroup>
</Project>